Microsoft Visual Studio Solution File, Format Version 12.00
# Visual Studio Version 17
VisualStudioVersion = 17.10.35122.118
MinimumVisualStudioVersion = 10.0.40219.1
Project("{9A19103F-16F7-4668-BE54-9A1E7A4F7556}") = "IASL", "src\IASL\IASL.csproj", "{BE34CB28-317F-4732-AA32-9D715B4F2C7E}"
EndProject
Project("{9A19103F-16F7-4668-BE54-9A1E7A4F7556}") = "Utility", "src\Utility\Utility.csproj", "{0E926905-F750-49F9-AEBD-CE14B2B231D8}"
EndProject
Project("{9A19103F-16F7-4668-BE54-9A1E7A4F7556}") = "PlayerCore", "src\PlayerCore\PlayerCore.csproj", "{5E626E4F-BB7A-4262-9EB3-B37069A1C844}"
EndProject
Project("{9A19103F-16F7-4668-BE54-9A1E7A4F7556}") = "WorldModel", "src\WorldModel\WorldModel.csproj", "{F8CA1A78-02F7-405B-B223-3EFBEFBD8A88}"
EndProject
Project("{9A19103F-16F7-4668-BE54-9A1E7A4F7556}") = "EditorCore", "src\EditorCore\EditorCore.csproj", "{B3B92783-0D5E-43BB-833B-87DEA9B67D00}"
EndProject
Project("{9A19103F-16F7-4668-BE54-9A1E7A4F7556}") = "WebPlayer", "src\WebPlayer\WebPlayer.csproj", "{DD39556B-7A5A-4835-9372-72F4F237D511}"
EndProject
Project("{9A19103F-16F7-4668-BE54-9A1E7A4F7556}") = "EditorCoreTests", "tests\EditorCoreTests\EditorCoreTests.csproj", "{647ED8C3-08D0-4E68-817E-AA4714AB1448}"
EndProject
Project("{9A19103F-16F7-4668-BE54-9A1E7A4F7556}") = "LegacyASLTests", "tests\LegacyASLTests\LegacyASLTests.csproj", "{9D7478AE-52D8-41B6-8E5C-D3F483919993}"
EndProject
Project("{9A19103F-16F7-4668-BE54-9A1E7A4F7556}") = "WorldModelTests", "tests\WorldModelTests\WorldModelTests.csproj", "{EF616C5D-B02E-4BF2-9AB5-81E6F479C342}"
EndProject
Project("{FAE04EC0-301F-11D3-BF4B-00C04F79EFBC}") = "LegacyASL", "src\LegacyASL\LegacyASL.csproj", "{3BDC19F9-FF88-499A-B5C8-CCDC44CFFD12}"
EndProject
Project("{FAE04EC0-301F-11D3-BF4B-00C04F79EFBC}") = "WasmPlayer", "src\WasmPlayer\WasmPlayer.csproj", "{A20E6FE0-71E0-4042-9E9C-B818A9598473}"
EndProject
Project("{FAE04EC0-301F-11D3-BF4B-00C04F79EFBC}") = "PlayerCoreTests", "tests\PlayerCoreTests\PlayerCoreTests.csproj", "{14713715-BBC2-4F0F-A247-A11994EC4E4F}"
EndProject
Project("{2150E333-8FDC-42A3-9474-1A3956D46DE8}") = "src", "src", "{5FFA7F3F-12FE-4727-9359-3D493A4E9F86}"
EndProject
Project("{2150E333-8FDC-42A3-9474-1A3956D46DE8}") = "tests", "tests", "{DE73B1F0-E136-444D-97EF-B31B1592532F}"
EndProject
Project("{2150E333-8FDC-42A3-9474-1A3956D46DE8}") = "Solution Items", "Solution Items", "{0FFA15A4-D400-4BA4-A505-BC7DADF8D2BE}"
	ProjectSection(SolutionItems) = preProject
		compose.yaml = compose.yaml
	EndProjectSection
EndProject
Global
	GlobalSection(SolutionConfigurationPlatforms) = preSolution
		Debug|Any CPU = Debug|Any CPU
		Debug|x86 = Debug|x86
		Release|Any CPU = Release|Any CPU
		Release|x86 = Release|x86
	EndGlobalSection
	GlobalSection(ProjectConfigurationPlatforms) = postSolution
		{BE34CB28-317F-4732-AA32-9D715B4F2C7E}.Debug|Any CPU.ActiveCfg = Debug|Any CPU
		{BE34CB28-317F-4732-AA32-9D715B4F2C7E}.Debug|Any CPU.Build.0 = Debug|Any CPU
		{BE34CB28-317F-4732-AA32-9D715B4F2C7E}.Debug|x86.ActiveCfg = Debug|x86
		{BE34CB28-317F-4732-AA32-9D715B4F2C7E}.Debug|x86.Build.0 = Debug|x86
		{BE34CB28-317F-4732-AA32-9D715B4F2C7E}.Release|Any CPU.ActiveCfg = Release|Any CPU
		{BE34CB28-317F-4732-AA32-9D715B4F2C7E}.Release|Any CPU.Build.0 = Release|Any CPU
		{BE34CB28-317F-4732-AA32-9D715B4F2C7E}.Release|x86.ActiveCfg = Release|x86
		{BE34CB28-317F-4732-AA32-9D715B4F2C7E}.Release|x86.Build.0 = Release|x86
		{0E926905-F750-49F9-AEBD-CE14B2B231D8}.Debug|Any CPU.ActiveCfg = Debug|Any CPU
		{0E926905-F750-49F9-AEBD-CE14B2B231D8}.Debug|Any CPU.Build.0 = Debug|Any CPU
		{0E926905-F750-49F9-AEBD-CE14B2B231D8}.Debug|x86.ActiveCfg = Debug|x86
		{0E926905-F750-49F9-AEBD-CE14B2B231D8}.Debug|x86.Build.0 = Debug|x86
		{0E926905-F750-49F9-AEBD-CE14B2B231D8}.Release|Any CPU.ActiveCfg = Release|Any CPU
		{0E926905-F750-49F9-AEBD-CE14B2B231D8}.Release|Any CPU.Build.0 = Release|Any CPU
		{0E926905-F750-49F9-AEBD-CE14B2B231D8}.Release|x86.ActiveCfg = Release|x86
		{0E926905-F750-49F9-AEBD-CE14B2B231D8}.Release|x86.Build.0 = Release|x86
		{5E626E4F-BB7A-4262-9EB3-B37069A1C844}.Debug|Any CPU.ActiveCfg = Debug|Any CPU
		{5E626E4F-BB7A-4262-9EB3-B37069A1C844}.Debug|Any CPU.Build.0 = Debug|Any CPU
		{5E626E4F-BB7A-4262-9EB3-B37069A1C844}.Debug|x86.ActiveCfg = Debug|Any CPU
		{5E626E4F-BB7A-4262-9EB3-B37069A1C844}.Debug|x86.Build.0 = Debug|Any CPU
		{5E626E4F-BB7A-4262-9EB3-B37069A1C844}.Release|Any CPU.ActiveCfg = Release|Any CPU
		{5E626E4F-BB7A-4262-9EB3-B37069A1C844}.Release|Any CPU.Build.0 = Release|Any CPU
		{5E626E4F-BB7A-4262-9EB3-B37069A1C844}.Release|x86.ActiveCfg = Release|Any CPU
		{5E626E4F-BB7A-4262-9EB3-B37069A1C844}.Release|x86.Build.0 = Release|Any CPU
		{F8CA1A78-02F7-405B-B223-3EFBEFBD8A88}.Debug|Any CPU.ActiveCfg = Debug|Any CPU
		{F8CA1A78-02F7-405B-B223-3EFBEFBD8A88}.Debug|Any CPU.Build.0 = Debug|Any CPU
		{F8CA1A78-02F7-405B-B223-3EFBEFBD8A88}.Debug|x86.ActiveCfg = Debug|x86
		{F8CA1A78-02F7-405B-B223-3EFBEFBD8A88}.Debug|x86.Build.0 = Debug|x86
		{F8CA1A78-02F7-405B-B223-3EFBEFBD8A88}.Release|Any CPU.ActiveCfg = Release|Any CPU
		{F8CA1A78-02F7-405B-B223-3EFBEFBD8A88}.Release|Any CPU.Build.0 = Release|Any CPU
		{F8CA1A78-02F7-405B-B223-3EFBEFBD8A88}.Release|x86.ActiveCfg = Release|x86
		{F8CA1A78-02F7-405B-B223-3EFBEFBD8A88}.Release|x86.Build.0 = Release|x86
		{B3B92783-0D5E-43BB-833B-87DEA9B67D00}.Debug|Any CPU.ActiveCfg = Debug|Any CPU
		{B3B92783-0D5E-43BB-833B-87DEA9B67D00}.Debug|Any CPU.Build.0 = Debug|Any CPU
		{B3B92783-0D5E-43BB-833B-87DEA9B67D00}.Debug|x86.ActiveCfg = Debug|x86
		{B3B92783-0D5E-43BB-833B-87DEA9B67D00}.Debug|x86.Build.0 = Debug|x86
		{B3B92783-0D5E-43BB-833B-87DEA9B67D00}.Release|Any CPU.ActiveCfg = Release|Any CPU
		{B3B92783-0D5E-43BB-833B-87DEA9B67D00}.Release|Any CPU.Build.0 = Release|Any CPU
		{B3B92783-0D5E-43BB-833B-87DEA9B67D00}.Release|x86.ActiveCfg = Release|x86
		{B3B92783-0D5E-43BB-833B-87DEA9B67D00}.Release|x86.Build.0 = Release|x86
		{DD39556B-7A5A-4835-9372-72F4F237D511}.Debug|Any CPU.ActiveCfg = Debug|Any CPU
		{DD39556B-7A5A-4835-9372-72F4F237D511}.Debug|Any CPU.Build.0 = Debug|Any CPU
		{DD39556B-7A5A-4835-9372-72F4F237D511}.Debug|x86.ActiveCfg = Debug|Any CPU
		{DD39556B-7A5A-4835-9372-72F4F237D511}.Debug|x86.Build.0 = Debug|Any CPU
		{DD39556B-7A5A-4835-9372-72F4F237D511}.Release|Any CPU.ActiveCfg = Release|Any CPU
		{DD39556B-7A5A-4835-9372-72F4F237D511}.Release|Any CPU.Build.0 = Release|Any CPU
		{DD39556B-7A5A-4835-9372-72F4F237D511}.Release|x86.ActiveCfg = Release|Any CPU
		{DD39556B-7A5A-4835-9372-72F4F237D511}.Release|x86.Build.0 = Release|Any CPU
		{647ED8C3-08D0-4E68-817E-AA4714AB1448}.Debug|Any CPU.ActiveCfg = Debug|Any CPU
		{647ED8C3-08D0-4E68-817E-AA4714AB1448}.Debug|Any CPU.Build.0 = Debug|Any CPU
		{647ED8C3-08D0-4E68-817E-AA4714AB1448}.Debug|x86.ActiveCfg = Debug|x86
		{647ED8C3-08D0-4E68-817E-AA4714AB1448}.Debug|x86.Build.0 = Debug|x86
		{647ED8C3-08D0-4E68-817E-AA4714AB1448}.Release|Any CPU.ActiveCfg = Release|Any CPU
		{647ED8C3-08D0-4E68-817E-AA4714AB1448}.Release|Any CPU.Build.0 = Release|Any CPU
		{647ED8C3-08D0-4E68-817E-AA4714AB1448}.Release|x86.ActiveCfg = Release|x86
		{647ED8C3-08D0-4E68-817E-AA4714AB1448}.Release|x86.Build.0 = Release|x86
		{9D7478AE-52D8-41B6-8E5C-D3F483919993}.Debug|Any CPU.ActiveCfg = Debug|Any CPU
		{9D7478AE-52D8-41B6-8E5C-D3F483919993}.Debug|Any CPU.Build.0 = Debug|Any CPU
		{9D7478AE-52D8-41B6-8E5C-D3F483919993}.Debug|x86.ActiveCfg = Debug|Any CPU
		{9D7478AE-52D8-41B6-8E5C-D3F483919993}.Debug|x86.Build.0 = Debug|Any CPU
		{9D7478AE-52D8-41B6-8E5C-D3F483919993}.Release|Any CPU.ActiveCfg = Release|Any CPU
		{9D7478AE-52D8-41B6-8E5C-D3F483919993}.Release|Any CPU.Build.0 = Release|Any CPU
		{9D7478AE-52D8-41B6-8E5C-D3F483919993}.Release|x86.ActiveCfg = Release|Any CPU
		{9D7478AE-52D8-41B6-8E5C-D3F483919993}.Release|x86.Build.0 = Release|Any CPU
		{EF616C5D-B02E-4BF2-9AB5-81E6F479C342}.Debug|Any CPU.ActiveCfg = Debug|Any CPU
		{EF616C5D-B02E-4BF2-9AB5-81E6F479C342}.Debug|Any CPU.Build.0 = Debug|Any CPU
		{EF616C5D-B02E-4BF2-9AB5-81E6F479C342}.Debug|x86.ActiveCfg = Debug|Any CPU
		{EF616C5D-B02E-4BF2-9AB5-81E6F479C342}.Debug|x86.Build.0 = Debug|Any CPU
		{EF616C5D-B02E-4BF2-9AB5-81E6F479C342}.Release|Any CPU.ActiveCfg = Release|Any CPU
		{EF616C5D-B02E-4BF2-9AB5-81E6F479C342}.Release|Any CPU.Build.0 = Release|Any CPU
		{EF616C5D-B02E-4BF2-9AB5-81E6F479C342}.Release|x86.ActiveCfg = Release|Any CPU
		{EF616C5D-B02E-4BF2-9AB5-81E6F479C342}.Release|x86.Build.0 = Release|Any CPU
		{3BDC19F9-FF88-499A-B5C8-CCDC44CFFD12}.Debug|Any CPU.ActiveCfg = Debug|Any CPU
		{3BDC19F9-FF88-499A-B5C8-CCDC44CFFD12}.Debug|Any CPU.Build.0 = Debug|Any CPU
		{3BDC19F9-FF88-499A-B5C8-CCDC44CFFD12}.Debug|x86.ActiveCfg = Debug|Any CPU
		{3BDC19F9-FF88-499A-B5C8-CCDC44CFFD12}.Debug|x86.Build.0 = Debug|Any CPU
		{3BDC19F9-FF88-499A-B5C8-CCDC44CFFD12}.Release|Any CPU.ActiveCfg = Release|Any CPU
		{3BDC19F9-FF88-499A-B5C8-CCDC44CFFD12}.Release|Any CPU.Build.0 = Release|Any CPU
		{3BDC19F9-FF88-499A-B5C8-CCDC44CFFD12}.Release|x86.ActiveCfg = Release|Any CPU
		{3BDC19F9-FF88-499A-B5C8-CCDC44CFFD12}.Release|x86.Build.0 = Release|Any CPU
		{A20E6FE0-71E0-4042-9E9C-B818A9598473}.Debug|Any CPU.ActiveCfg = Debug|Any CPU
		{A20E6FE0-71E0-4042-9E9C-B818A9598473}.Debug|Any CPU.Build.0 = Debug|Any CPU
		{A20E6FE0-71E0-4042-9E9C-B818A9598473}.Debug|x86.ActiveCfg = Debug|Any CPU
		{A20E6FE0-71E0-4042-9E9C-B818A9598473}.Debug|x86.Build.0 = Debug|Any CPU
		{A20E6FE0-71E0-4042-9E9C-B818A9598473}.Release|Any CPU.ActiveCfg = Release|Any CPU
		{A20E6FE0-71E0-4042-9E9C-B818A9598473}.Release|Any CPU.Build.0 = Release|Any CPU
		{A20E6FE0-71E0-4042-9E9C-B818A9598473}.Release|x86.ActiveCfg = Release|Any CPU
		{A20E6FE0-71E0-4042-9E9C-B818A9598473}.Release|x86.Build.0 = Release|Any CPU
		{14713715-BBC2-4F0F-A247-A11994EC4E4F}.Debug|Any CPU.ActiveCfg = Debug|Any CPU
		{14713715-BBC2-4F0F-A247-A11994EC4E4F}.Debug|Any CPU.Build.0 = Debug|Any CPU
		{14713715-BBC2-4F0F-A247-A11994EC4E4F}.Debug|x86.ActiveCfg = Debug|Any CPU
		{14713715-BBC2-4F0F-A247-A11994EC4E4F}.Debug|x86.Build.0 = Debug|Any CPU
		{14713715-BBC2-4F0F-A247-A11994EC4E4F}.Release|Any CPU.ActiveCfg = Release|Any CPU
		{14713715-BBC2-4F0F-A247-A11994EC4E4F}.Release|Any CPU.Build.0 = Release|Any CPU
		{14713715-BBC2-4F0F-A247-A11994EC4E4F}.Release|x86.ActiveCfg = Release|Any CPU
		{14713715-BBC2-4F0F-A247-A11994EC4E4F}.Release|x86.Build.0 = Release|Any CPU
	EndGlobalSection
	GlobalSection(SolutionProperties) = preSolution
		HideSolutionNode = FALSE
	EndGlobalSection
	GlobalSection(ExtensibilityGlobals) = postSolution
		SolutionGuid = {18B8911F-786E-48E1-8F32-208060A4A2C6}
	EndGlobalSection
	GlobalSection(NestedProjects) = preSolution
		{B3B92783-0D5E-43BB-833B-87DEA9B67D00} = {5FFA7F3F-12FE-4727-9359-3D493A4E9F86}
		{3BDC19F9-FF88-499A-B5C8-CCDC44CFFD12} = {5FFA7F3F-12FE-4727-9359-3D493A4E9F86}
		{5E626E4F-BB7A-4262-9EB3-B37069A1C844} = {5FFA7F3F-12FE-4727-9359-3D493A4E9F86}
		{0E926905-F750-49F9-AEBD-CE14B2B231D8} = {5FFA7F3F-12FE-4727-9359-3D493A4E9F86}
		{A20E6FE0-71E0-4042-9E9C-B818A9598473} = {5FFA7F3F-12FE-4727-9359-3D493A4E9F86}
		{DD39556B-7A5A-4835-9372-72F4F237D511} = {5FFA7F3F-12FE-4727-9359-3D493A4E9F86}
		{F8CA1A78-02F7-405B-B223-3EFBEFBD8A88} = {5FFA7F3F-12FE-4727-9359-3D493A4E9F86}
		{647ED8C3-08D0-4E68-817E-AA4714AB1448} = {DE73B1F0-E136-444D-97EF-B31B1592532F}
		{9D7478AE-52D8-41B6-8E5C-D3F483919993} = {DE73B1F0-E136-444D-97EF-B31B1592532F}
		{14713715-BBC2-4F0F-A247-A11994EC4E4F} = {DE73B1F0-E136-444D-97EF-B31B1592532F}
		{EF616C5D-B02E-4BF2-9AB5-81E6F479C342} = {DE73B1F0-E136-444D-97EF-B31B1592532F}
		{BE34CB28-317F-4732-AA32-9D715B4F2C7E} = {5FFA7F3F-12FE-4727-9359-3D493A4E9F86}
	EndGlobalSection
EndGlobal
