Microsoft Visual Studio Solution File, Format Version 12.00
# Visual Studio 2013
VisualStudioVersion = 12.0.30110.0
MinimumVisualStudioVersion = 10.0.40219.1
Project("{2150E333-8FDC-42A3-9474-1A3956D46DE8}") = "Solution Items", "Solution Items", "{CE40EC95-3D0D-4289-B71B-3CF204C4C050}"
	ProjectSection(SolutionItems) = preProject
		Local.testsettings = Local.testsettings
		Quest.vsmdi = Quest.vsmdi
		TraceAndTestImpact.testsettings = TraceAndTestImpact.testsettings
	EndProjectSection
EndProject
Project("{F184B08F-C81C-45F6-A57F-5ABD9991F28F}") = "Quest", "Quest\Quest.vbproj", "{C7367F28-22F8-4111-A434-26D497EF0FBA}"
EndProject
Project("{F184B08F-C81C-45F6-A57F-5ABD9991F28F}") = "Player", "Player\Player.vbproj", "{F383D1E8-2883-420D-9CAB-223A2B72B1DE}"
EndProject
Project("{FAE04EC0-301F-11D3-BF4B-00C04F79EFBC}") = "WorldModel", "WorldModel\WorldModel\WorldModel.csproj", "{F8CA1A78-02F7-405B-B223-3EFBEFBD8A88}"
EndProject
Project("{FAE04EC0-301F-11D3-BF4B-00C04F79EFBC}") = "IASL", "IASL\IASL.csproj", "{BE34CB28-317F-4732-AA32-9D715B4F2C7E}"
EndProject
Project("{F184B08F-C81C-45F6-A57F-5ABD9991F28F}") = "GameBrowser", "GameBrowser\GameBrowser.vbproj", "{F93B56A3-2DB6-47BE-9DC3-1A9204AAA832}"
EndProject
Project("{FAE04EC0-301F-11D3-BF4B-00C04F79EFBC}") = "Utility", "Utility\Utility.csproj", "{0E926905-F750-49F9-AEBD-CE14B2B231D8}"
EndProject
Project("{FAE04EC0-301F-11D3-BF4B-00C04F79EFBC}") = "EditorController", "EditorController\EditorController.csproj", "{B3B92783-0D5E-43BB-833B-87DEA9B67D00}"
EndProject
Project("{F184B08F-C81C-45F6-A57F-5ABD9991F28F}") = "Editor", "Editor\Editor.vbproj", "{1DC28CC8-1B2D-4A42-A64E-0AC82D789939}"
EndProject
Project("{F184B08F-C81C-45F6-A57F-5ABD9991F28F}") = "Menus", "Menus\Menus.vbproj", "{953BFCE3-6F8A-42CF-8E57-592AA7AAC3D3}"
EndProject
Project("{FAE04EC0-301F-11D3-BF4B-00C04F79EFBC}") = "EditorControllerTests", "EditorControllerTests\EditorControllerTests.csproj", "{647ED8C3-08D0-4E68-817E-AA4714AB1448}"
EndProject
Project("{F184B08F-C81C-45F6-A57F-5ABD9991F28F}") = "LegacyASL", "Legacy\LegacyASL.vbproj", "{42EEDC11-C395-4CE8-80E3-057AF4100DDE}"
EndProject
Project("{FAE04EC0-301F-11D3-BF4B-00C04F79EFBC}") = "WebPlayer", "WebPlayer\WebPlayer.csproj", "{803A5B78-3FBA-4836-80EF-9BA104FC1D3E}"
EndProject
Project("{FAE04EC0-301F-11D3-BF4B-00C04F79EFBC}") = "LegacyASLTests", "LegacyASLTests\LegacyASLTests.csproj", "{9D7478AE-52D8-41B6-8E5C-D3F483919993}"
EndProject
Project("{FAE04EC0-301F-11D3-BF4B-00C04F79EFBC}") = "WorldModelTests", "WorldModelTests\WorldModelTests.csproj", "{EF616C5D-B02E-4BF2-9AB5-81E6F479C342}"
EndProject
Project("{FAE04EC0-301F-11D3-BF4B-00C04F79EFBC}") = "PlayerController", "PlayerController\PlayerController.csproj", "{5E626E4F-BB7A-4262-9EB3-B37069A1C844}"
EndProject
Project("{6141683F-8A12-4E36-9623-2EB02B2C2303}") = "Setup", "Setup\Setup.isproj", "{51D99479-B857-40B4-9292-14BE1E7C2803}"
	ProjectSection(ProjectDependencies) = postProject
		{C7367F28-22F8-4111-A434-26D497EF0FBA} = {C7367F28-22F8-4111-A434-26D497EF0FBA}
	EndProjectSection
EndProject
Project("{FAE04EC0-301F-11D3-BF4B-00C04F79EFBC}") = "EditorControls", "EditorControls\EditorControls.csproj", "{4FE4228C-502B-47B7-A79B-79BEE6221C25}"
EndProject
Project("{FAE04EC0-301F-11D3-BF4B-00C04F79EFBC}") = "QuestConsole", "QuestConsole\QuestConsole.csproj", "{5087E30D-95F3-49B6-B534-2EBA91C599CC}"
EndProject
Project("{FAE04EC0-301F-11D3-BF4B-00C04F79EFBC}") = "JawsApi", "JawsApi\JawsApi.csproj", "{B351E843-2BE4-4302-BD98-43D149185FB7}"
EndProject
Project("{FAE04EC0-301F-11D3-BF4B-00C04F79EFBC}") = "WebEditor", "WebEditor\WebEditor\WebEditor.csproj", "{79A63298-BF11-4C6B-A239-918C3BF81B6F}"
EndProject
Project("{FAE04EC0-301F-11D3-BF4B-00C04F79EFBC}") = "PlayerControllerTests", "PlayerControllerTests\PlayerControllerTests.csproj", "{B3C706FC-CC0B-4AC7-B233-90B552873787}"
EndProject
Project("{FAE04EC0-301F-11D3-BF4B-00C04F79EFBC}") = "WebInterfaces", "WebInterfaces\WebInterfaces.csproj", "{EAAFAF5A-3A08-440A-863A-D5FC79DBBCB7}"
EndProject
Project("{FAE04EC0-301F-11D3-BF4B-00C04F79EFBC}") = "UtilityTests", "UtilityTests\UtilityTests.csproj", "{69D2D258-4E82-404F-98A6-1E93EFAB9CDF}"
EndProject
Global
	GlobalSection(SolutionConfigurationPlatforms) = preSolution
		CD_ROM|Any CPU = CD_ROM|Any CPU
		CD_ROM|Mixed Platforms = CD_ROM|Mixed Platforms
		CD_ROM|x86 = CD_ROM|x86
		Debug|Any CPU = Debug|Any CPU
		Debug|Mixed Platforms = Debug|Mixed Platforms
		Debug|x86 = Debug|x86
		DVD-5|Any CPU = DVD-5|Any CPU
		DVD-5|Mixed Platforms = DVD-5|Mixed Platforms
		DVD-5|x86 = DVD-5|x86
		Release|Any CPU = Release|Any CPU
		Release|Mixed Platforms = Release|Mixed Platforms
		Release|x86 = Release|x86
		ReleaseSetup|Any CPU = ReleaseSetup|Any CPU
		ReleaseSetup|Mixed Platforms = ReleaseSetup|Mixed Platforms
		ReleaseSetup|x86 = ReleaseSetup|x86
		SingleImage|Any CPU = SingleImage|Any CPU
		SingleImage|Mixed Platforms = SingleImage|Mixed Platforms
		SingleImage|x86 = SingleImage|x86
	EndGlobalSection
	GlobalSection(ProjectConfigurationPlatforms) = postSolution
		{C7367F28-22F8-4111-A434-26D497EF0FBA}.CD_ROM|Any CPU.ActiveCfg = ReleaseSetup|x86
		{C7367F28-22F8-4111-A434-26D497EF0FBA}.CD_ROM|Mixed Platforms.ActiveCfg = ReleaseSetup|x86
		{C7367F28-22F8-4111-A434-26D497EF0FBA}.CD_ROM|Mixed Platforms.Build.0 = ReleaseSetup|x86
		{C7367F28-22F8-4111-A434-26D497EF0FBA}.CD_ROM|x86.ActiveCfg = ReleaseSetup|x86
		{C7367F28-22F8-4111-A434-26D497EF0FBA}.CD_ROM|x86.Build.0 = ReleaseSetup|x86
		{C7367F28-22F8-4111-A434-26D497EF0FBA}.Debug|Any CPU.ActiveCfg = Debug|Any CPU
		{C7367F28-22F8-4111-A434-26D497EF0FBA}.Debug|Any CPU.Build.0 = Debug|Any CPU
		{C7367F28-22F8-4111-A434-26D497EF0FBA}.Debug|Mixed Platforms.ActiveCfg = Debug|x86
		{C7367F28-22F8-4111-A434-26D497EF0FBA}.Debug|Mixed Platforms.Build.0 = Debug|x86
		{C7367F28-22F8-4111-A434-26D497EF0FBA}.Debug|x86.ActiveCfg = Debug|x86
		{C7367F28-22F8-4111-A434-26D497EF0FBA}.Debug|x86.Build.0 = Debug|x86
		{C7367F28-22F8-4111-A434-26D497EF0FBA}.DVD-5|Any CPU.ActiveCfg = Debug|x86
		{C7367F28-22F8-4111-A434-26D497EF0FBA}.DVD-5|Mixed Platforms.ActiveCfg = Debug|x86
		{C7367F28-22F8-4111-A434-26D497EF0FBA}.DVD-5|Mixed Platforms.Build.0 = Debug|x86
		{C7367F28-22F8-4111-A434-26D497EF0FBA}.DVD-5|x86.ActiveCfg = Debug|x86
		{C7367F28-22F8-4111-A434-26D497EF0FBA}.DVD-5|x86.Build.0 = Debug|x86
		{C7367F28-22F8-4111-A434-26D497EF0FBA}.Release|Any CPU.ActiveCfg = Release|Any CPU
		{C7367F28-22F8-4111-A434-26D497EF0FBA}.Release|Any CPU.Build.0 = Release|Any CPU
		{C7367F28-22F8-4111-A434-26D497EF0FBA}.Release|Mixed Platforms.ActiveCfg = Release|x86
		{C7367F28-22F8-4111-A434-26D497EF0FBA}.Release|Mixed Platforms.Build.0 = Release|x86
		{C7367F28-22F8-4111-A434-26D497EF0FBA}.Release|x86.ActiveCfg = Release|x86
		{C7367F28-22F8-4111-A434-26D497EF0FBA}.Release|x86.Build.0 = Release|x86
		{C7367F28-22F8-4111-A434-26D497EF0FBA}.ReleaseSetup|Any CPU.ActiveCfg = ReleaseSetup|Any CPU
		{C7367F28-22F8-4111-A434-26D497EF0FBA}.ReleaseSetup|Any CPU.Build.0 = ReleaseSetup|Any CPU
		{C7367F28-22F8-4111-A434-26D497EF0FBA}.ReleaseSetup|Mixed Platforms.ActiveCfg = ReleaseSetup|x86
		{C7367F28-22F8-4111-A434-26D497EF0FBA}.ReleaseSetup|Mixed Platforms.Build.0 = ReleaseSetup|x86
		{C7367F28-22F8-4111-A434-26D497EF0FBA}.ReleaseSetup|x86.ActiveCfg = ReleaseSetup|x86
		{C7367F28-22F8-4111-A434-26D497EF0FBA}.ReleaseSetup|x86.Build.0 = ReleaseSetup|x86
		{C7367F28-22F8-4111-A434-26D497EF0FBA}.SingleImage|Any CPU.ActiveCfg = ReleaseSetup|x86
		{C7367F28-22F8-4111-A434-26D497EF0FBA}.SingleImage|Mixed Platforms.ActiveCfg = ReleaseSetup|x86
		{C7367F28-22F8-4111-A434-26D497EF0FBA}.SingleImage|Mixed Platforms.Build.0 = ReleaseSetup|x86
		{C7367F28-22F8-4111-A434-26D497EF0FBA}.SingleImage|x86.ActiveCfg = ReleaseSetup|x86
		{C7367F28-22F8-4111-A434-26D497EF0FBA}.SingleImage|x86.Build.0 = ReleaseSetup|x86
		{F383D1E8-2883-420D-9CAB-223A2B72B1DE}.CD_ROM|Any CPU.ActiveCfg = ReleaseSetup|x86
		{F383D1E8-2883-420D-9CAB-223A2B72B1DE}.CD_ROM|Mixed Platforms.ActiveCfg = ReleaseSetup|x86
		{F383D1E8-2883-420D-9CAB-223A2B72B1DE}.CD_ROM|Mixed Platforms.Build.0 = ReleaseSetup|x86
		{F383D1E8-2883-420D-9CAB-223A2B72B1DE}.CD_ROM|x86.ActiveCfg = ReleaseSetup|x86
		{F383D1E8-2883-420D-9CAB-223A2B72B1DE}.CD_ROM|x86.Build.0 = ReleaseSetup|x86
		{F383D1E8-2883-420D-9CAB-223A2B72B1DE}.Debug|Any CPU.ActiveCfg = Debug|Any CPU
		{F383D1E8-2883-420D-9CAB-223A2B72B1DE}.Debug|Any CPU.Build.0 = Debug|Any CPU
		{F383D1E8-2883-420D-9CAB-223A2B72B1DE}.Debug|Mixed Platforms.ActiveCfg = Debug|x86
		{F383D1E8-2883-420D-9CAB-223A2B72B1DE}.Debug|Mixed Platforms.Build.0 = Debug|x86
		{F383D1E8-2883-420D-9CAB-223A2B72B1DE}.Debug|x86.ActiveCfg = Debug|x86
		{F383D1E8-2883-420D-9CAB-223A2B72B1DE}.Debug|x86.Build.0 = Debug|x86
		{F383D1E8-2883-420D-9CAB-223A2B72B1DE}.DVD-5|Any CPU.ActiveCfg = Debug|x86
		{F383D1E8-2883-420D-9CAB-223A2B72B1DE}.DVD-5|Mixed Platforms.ActiveCfg = Debug|x86
		{F383D1E8-2883-420D-9CAB-223A2B72B1DE}.DVD-5|Mixed Platforms.Build.0 = Debug|x86
		{F383D1E8-2883-420D-9CAB-223A2B72B1DE}.DVD-5|x86.ActiveCfg = Debug|x86
		{F383D1E8-2883-420D-9CAB-223A2B72B1DE}.DVD-5|x86.Build.0 = Debug|x86
		{F383D1E8-2883-420D-9CAB-223A2B72B1DE}.Release|Any CPU.ActiveCfg = Release|Any CPU
		{F383D1E8-2883-420D-9CAB-223A2B72B1DE}.Release|Any CPU.Build.0 = Release|Any CPU
		{F383D1E8-2883-420D-9CAB-223A2B72B1DE}.Release|Mixed Platforms.ActiveCfg = Release|x86
		{F383D1E8-2883-420D-9CAB-223A2B72B1DE}.Release|Mixed Platforms.Build.0 = Release|x86
		{F383D1E8-2883-420D-9CAB-223A2B72B1DE}.Release|x86.ActiveCfg = Release|x86
		{F383D1E8-2883-420D-9CAB-223A2B72B1DE}.Release|x86.Build.0 = Release|x86
		{F383D1E8-2883-420D-9CAB-223A2B72B1DE}.ReleaseSetup|Any CPU.ActiveCfg = ReleaseSetup|Any CPU
		{F383D1E8-2883-420D-9CAB-223A2B72B1DE}.ReleaseSetup|Any CPU.Build.0 = ReleaseSetup|Any CPU
		{F383D1E8-2883-420D-9CAB-223A2B72B1DE}.ReleaseSetup|Mixed Platforms.ActiveCfg = ReleaseSetup|x86
		{F383D1E8-2883-420D-9CAB-223A2B72B1DE}.ReleaseSetup|Mixed Platforms.Build.0 = ReleaseSetup|x86
		{F383D1E8-2883-420D-9CAB-223A2B72B1DE}.ReleaseSetup|x86.ActiveCfg = ReleaseSetup|x86
		{F383D1E8-2883-420D-9CAB-223A2B72B1DE}.ReleaseSetup|x86.Build.0 = ReleaseSetup|x86
		{F383D1E8-2883-420D-9CAB-223A2B72B1DE}.SingleImage|Any CPU.ActiveCfg = ReleaseSetup|x86
		{F383D1E8-2883-420D-9CAB-223A2B72B1DE}.SingleImage|Mixed Platforms.ActiveCfg = ReleaseSetup|x86
		{F383D1E8-2883-420D-9CAB-223A2B72B1DE}.SingleImage|Mixed Platforms.Build.0 = ReleaseSetup|x86
		{F383D1E8-2883-420D-9CAB-223A2B72B1DE}.SingleImage|x86.ActiveCfg = ReleaseSetup|x86
		{F383D1E8-2883-420D-9CAB-223A2B72B1DE}.SingleImage|x86.Build.0 = ReleaseSetup|x86
		{F8CA1A78-02F7-405B-B223-3EFBEFBD8A88}.CD_ROM|Any CPU.ActiveCfg = ReleaseSetup|x86
		{F8CA1A78-02F7-405B-B223-3EFBEFBD8A88}.CD_ROM|Mixed Platforms.ActiveCfg = ReleaseSetup|x86
		{F8CA1A78-02F7-405B-B223-3EFBEFBD8A88}.CD_ROM|Mixed Platforms.Build.0 = ReleaseSetup|x86
		{F8CA1A78-02F7-405B-B223-3EFBEFBD8A88}.CD_ROM|x86.ActiveCfg = ReleaseSetup|x86
		{F8CA1A78-02F7-405B-B223-3EFBEFBD8A88}.CD_ROM|x86.Build.0 = ReleaseSetup|x86
		{F8CA1A78-02F7-405B-B223-3EFBEFBD8A88}.Debug|Any CPU.ActiveCfg = Debug|Any CPU
		{F8CA1A78-02F7-405B-B223-3EFBEFBD8A88}.Debug|Any CPU.Build.0 = Debug|Any CPU
		{F8CA1A78-02F7-405B-B223-3EFBEFBD8A88}.Debug|Mixed Platforms.ActiveCfg = Debug|x86
		{F8CA1A78-02F7-405B-B223-3EFBEFBD8A88}.Debug|Mixed Platforms.Build.0 = Debug|x86
		{F8CA1A78-02F7-405B-B223-3EFBEFBD8A88}.Debug|x86.ActiveCfg = Debug|x86
		{F8CA1A78-02F7-405B-B223-3EFBEFBD8A88}.Debug|x86.Build.0 = Debug|x86
		{F8CA1A78-02F7-405B-B223-3EFBEFBD8A88}.DVD-5|Any CPU.ActiveCfg = Debug|x86
		{F8CA1A78-02F7-405B-B223-3EFBEFBD8A88}.DVD-5|Mixed Platforms.ActiveCfg = Debug|x86
		{F8CA1A78-02F7-405B-B223-3EFBEFBD8A88}.DVD-5|Mixed Platforms.Build.0 = Debug|x86
		{F8CA1A78-02F7-405B-B223-3EFBEFBD8A88}.DVD-5|x86.ActiveCfg = Debug|x86
		{F8CA1A78-02F7-405B-B223-3EFBEFBD8A88}.DVD-5|x86.Build.0 = Debug|x86
		{F8CA1A78-02F7-405B-B223-3EFBEFBD8A88}.Release|Any CPU.ActiveCfg = Release|Any CPU
		{F8CA1A78-02F7-405B-B223-3EFBEFBD8A88}.Release|Any CPU.Build.0 = Release|Any CPU
		{F8CA1A78-02F7-405B-B223-3EFBEFBD8A88}.Release|Mixed Platforms.ActiveCfg = Release|x86
		{F8CA1A78-02F7-405B-B223-3EFBEFBD8A88}.Release|Mixed Platforms.Build.0 = Release|x86
		{F8CA1A78-02F7-405B-B223-3EFBEFBD8A88}.Release|x86.ActiveCfg = Release|x86
		{F8CA1A78-02F7-405B-B223-3EFBEFBD8A88}.Release|x86.Build.0 = Release|x86
		{F8CA1A78-02F7-405B-B223-3EFBEFBD8A88}.ReleaseSetup|Any CPU.ActiveCfg = ReleaseSetup|Any CPU
		{F8CA1A78-02F7-405B-B223-3EFBEFBD8A88}.ReleaseSetup|Any CPU.Build.0 = ReleaseSetup|Any CPU
		{F8CA1A78-02F7-405B-B223-3EFBEFBD8A88}.ReleaseSetup|Mixed Platforms.ActiveCfg = ReleaseSetup|x86
		{F8CA1A78-02F7-405B-B223-3EFBEFBD8A88}.ReleaseSetup|Mixed Platforms.Build.0 = ReleaseSetup|x86
		{F8CA1A78-02F7-405B-B223-3EFBEFBD8A88}.ReleaseSetup|x86.ActiveCfg = ReleaseSetup|x86
		{F8CA1A78-02F7-405B-B223-3EFBEFBD8A88}.ReleaseSetup|x86.Build.0 = ReleaseSetup|x86
		{F8CA1A78-02F7-405B-B223-3EFBEFBD8A88}.SingleImage|Any CPU.ActiveCfg = ReleaseSetup|x86
		{F8CA1A78-02F7-405B-B223-3EFBEFBD8A88}.SingleImage|Mixed Platforms.ActiveCfg = ReleaseSetup|x86
		{F8CA1A78-02F7-405B-B223-3EFBEFBD8A88}.SingleImage|Mixed Platforms.Build.0 = ReleaseSetup|x86
		{F8CA1A78-02F7-405B-B223-3EFBEFBD8A88}.SingleImage|x86.ActiveCfg = ReleaseSetup|x86
		{F8CA1A78-02F7-405B-B223-3EFBEFBD8A88}.SingleImage|x86.Build.0 = ReleaseSetup|x86
		{BE34CB28-317F-4732-AA32-9D715B4F2C7E}.CD_ROM|Any CPU.ActiveCfg = ReleaseSetup|x86
		{BE34CB28-317F-4732-AA32-9D715B4F2C7E}.CD_ROM|Mixed Platforms.ActiveCfg = ReleaseSetup|x86
		{BE34CB28-317F-4732-AA32-9D715B4F2C7E}.CD_ROM|Mixed Platforms.Build.0 = ReleaseSetup|x86
		{BE34CB28-317F-4732-AA32-9D715B4F2C7E}.CD_ROM|x86.ActiveCfg = ReleaseSetup|x86
		{BE34CB28-317F-4732-AA32-9D715B4F2C7E}.CD_ROM|x86.Build.0 = ReleaseSetup|x86
		{BE34CB28-317F-4732-AA32-9D715B4F2C7E}.Debug|Any CPU.ActiveCfg = Debug|Any CPU
		{BE34CB28-317F-4732-AA32-9D715B4F2C7E}.Debug|Any CPU.Build.0 = Debug|Any CPU
		{BE34CB28-317F-4732-AA32-9D715B4F2C7E}.Debug|Mixed Platforms.ActiveCfg = Debug|x86
		{BE34CB28-317F-4732-AA32-9D715B4F2C7E}.Debug|Mixed Platforms.Build.0 = Debug|x86
		{BE34CB28-317F-4732-AA32-9D715B4F2C7E}.Debug|x86.ActiveCfg = Debug|x86
		{BE34CB28-317F-4732-AA32-9D715B4F2C7E}.Debug|x86.Build.0 = Debug|x86
		{BE34CB28-317F-4732-AA32-9D715B4F2C7E}.DVD-5|Any CPU.ActiveCfg = Debug|x86
		{BE34CB28-317F-4732-AA32-9D715B4F2C7E}.DVD-5|Mixed Platforms.ActiveCfg = Debug|x86
		{BE34CB28-317F-4732-AA32-9D715B4F2C7E}.DVD-5|Mixed Platforms.Build.0 = Debug|x86
		{BE34CB28-317F-4732-AA32-9D715B4F2C7E}.DVD-5|x86.ActiveCfg = Debug|x86
		{BE34CB28-317F-4732-AA32-9D715B4F2C7E}.DVD-5|x86.Build.0 = Debug|x86
		{BE34CB28-317F-4732-AA32-9D715B4F2C7E}.Release|Any CPU.ActiveCfg = Release|Any CPU
		{BE34CB28-317F-4732-AA32-9D715B4F2C7E}.Release|Any CPU.Build.0 = Release|Any CPU
		{BE34CB28-317F-4732-AA32-9D715B4F2C7E}.Release|Mixed Platforms.ActiveCfg = Release|x86
		{BE34CB28-317F-4732-AA32-9D715B4F2C7E}.Release|Mixed Platforms.Build.0 = Release|x86
		{BE34CB28-317F-4732-AA32-9D715B4F2C7E}.Release|x86.ActiveCfg = Release|x86
		{BE34CB28-317F-4732-AA32-9D715B4F2C7E}.Release|x86.Build.0 = Release|x86
		{BE34CB28-317F-4732-AA32-9D715B4F2C7E}.ReleaseSetup|Any CPU.ActiveCfg = ReleaseSetup|Any CPU
		{BE34CB28-317F-4732-AA32-9D715B4F2C7E}.ReleaseSetup|Any CPU.Build.0 = ReleaseSetup|Any CPU
		{BE34CB28-317F-4732-AA32-9D715B4F2C7E}.ReleaseSetup|Mixed Platforms.ActiveCfg = ReleaseSetup|x86
		{BE34CB28-317F-4732-AA32-9D715B4F2C7E}.ReleaseSetup|Mixed Platforms.Build.0 = ReleaseSetup|x86
		{BE34CB28-317F-4732-AA32-9D715B4F2C7E}.ReleaseSetup|x86.ActiveCfg = ReleaseSetup|x86
		{BE34CB28-317F-4732-AA32-9D715B4F2C7E}.ReleaseSetup|x86.Build.0 = ReleaseSetup|x86
		{BE34CB28-317F-4732-AA32-9D715B4F2C7E}.SingleImage|Any CPU.ActiveCfg = ReleaseSetup|x86
		{BE34CB28-317F-4732-AA32-9D715B4F2C7E}.SingleImage|Mixed Platforms.ActiveCfg = ReleaseSetup|x86
		{BE34CB28-317F-4732-AA32-9D715B4F2C7E}.SingleImage|Mixed Platforms.Build.0 = ReleaseSetup|x86
		{BE34CB28-317F-4732-AA32-9D715B4F2C7E}.SingleImage|x86.ActiveCfg = ReleaseSetup|x86
		{BE34CB28-317F-4732-AA32-9D715B4F2C7E}.SingleImage|x86.Build.0 = ReleaseSetup|x86
		{F93B56A3-2DB6-47BE-9DC3-1A9204AAA832}.CD_ROM|Any CPU.ActiveCfg = ReleaseSetup|x86
		{F93B56A3-2DB6-47BE-9DC3-1A9204AAA832}.CD_ROM|Mixed Platforms.ActiveCfg = ReleaseSetup|x86
		{F93B56A3-2DB6-47BE-9DC3-1A9204AAA832}.CD_ROM|Mixed Platforms.Build.0 = ReleaseSetup|x86
		{F93B56A3-2DB6-47BE-9DC3-1A9204AAA832}.CD_ROM|x86.ActiveCfg = ReleaseSetup|x86
		{F93B56A3-2DB6-47BE-9DC3-1A9204AAA832}.CD_ROM|x86.Build.0 = ReleaseSetup|x86
		{F93B56A3-2DB6-47BE-9DC3-1A9204AAA832}.Debug|Any CPU.ActiveCfg = Debug|Any CPU
		{F93B56A3-2DB6-47BE-9DC3-1A9204AAA832}.Debug|Any CPU.Build.0 = Debug|Any CPU
		{F93B56A3-2DB6-47BE-9DC3-1A9204AAA832}.Debug|Mixed Platforms.ActiveCfg = Debug|x86
		{F93B56A3-2DB6-47BE-9DC3-1A9204AAA832}.Debug|Mixed Platforms.Build.0 = Debug|x86
		{F93B56A3-2DB6-47BE-9DC3-1A9204AAA832}.Debug|x86.ActiveCfg = Debug|x86
		{F93B56A3-2DB6-47BE-9DC3-1A9204AAA832}.Debug|x86.Build.0 = Debug|x86
		{F93B56A3-2DB6-47BE-9DC3-1A9204AAA832}.DVD-5|Any CPU.ActiveCfg = Debug|x86
		{F93B56A3-2DB6-47BE-9DC3-1A9204AAA832}.DVD-5|Mixed Platforms.ActiveCfg = Debug|x86
		{F93B56A3-2DB6-47BE-9DC3-1A9204AAA832}.DVD-5|Mixed Platforms.Build.0 = Debug|x86
		{F93B56A3-2DB6-47BE-9DC3-1A9204AAA832}.DVD-5|x86.ActiveCfg = Debug|x86
		{F93B56A3-2DB6-47BE-9DC3-1A9204AAA832}.DVD-5|x86.Build.0 = Debug|x86
		{F93B56A3-2DB6-47BE-9DC3-1A9204AAA832}.Release|Any CPU.ActiveCfg = Release|Any CPU
		{F93B56A3-2DB6-47BE-9DC3-1A9204AAA832}.Release|Any CPU.Build.0 = Release|Any CPU
		{F93B56A3-2DB6-47BE-9DC3-1A9204AAA832}.Release|Mixed Platforms.ActiveCfg = Release|x86
		{F93B56A3-2DB6-47BE-9DC3-1A9204AAA832}.Release|Mixed Platforms.Build.0 = Release|x86
		{F93B56A3-2DB6-47BE-9DC3-1A9204AAA832}.Release|x86.ActiveCfg = Release|x86
		{F93B56A3-2DB6-47BE-9DC3-1A9204AAA832}.Release|x86.Build.0 = Release|x86
		{F93B56A3-2DB6-47BE-9DC3-1A9204AAA832}.ReleaseSetup|Any CPU.ActiveCfg = ReleaseSetup|Any CPU
		{F93B56A3-2DB6-47BE-9DC3-1A9204AAA832}.ReleaseSetup|Any CPU.Build.0 = ReleaseSetup|Any CPU
		{F93B56A3-2DB6-47BE-9DC3-1A9204AAA832}.ReleaseSetup|Mixed Platforms.ActiveCfg = ReleaseSetup|x86
		{F93B56A3-2DB6-47BE-9DC3-1A9204AAA832}.ReleaseSetup|Mixed Platforms.Build.0 = ReleaseSetup|x86
		{F93B56A3-2DB6-47BE-9DC3-1A9204AAA832}.ReleaseSetup|x86.ActiveCfg = ReleaseSetup|x86
		{F93B56A3-2DB6-47BE-9DC3-1A9204AAA832}.ReleaseSetup|x86.Build.0 = ReleaseSetup|x86
		{F93B56A3-2DB6-47BE-9DC3-1A9204AAA832}.SingleImage|Any CPU.ActiveCfg = ReleaseSetup|x86
		{F93B56A3-2DB6-47BE-9DC3-1A9204AAA832}.SingleImage|Mixed Platforms.ActiveCfg = ReleaseSetup|x86
		{F93B56A3-2DB6-47BE-9DC3-1A9204AAA832}.SingleImage|Mixed Platforms.Build.0 = ReleaseSetup|x86
		{F93B56A3-2DB6-47BE-9DC3-1A9204AAA832}.SingleImage|x86.ActiveCfg = ReleaseSetup|x86
		{F93B56A3-2DB6-47BE-9DC3-1A9204AAA832}.SingleImage|x86.Build.0 = ReleaseSetup|x86
		{0E926905-F750-49F9-AEBD-CE14B2B231D8}.CD_ROM|Any CPU.ActiveCfg = Release|x86
		{0E926905-F750-49F9-AEBD-CE14B2B231D8}.CD_ROM|Mixed Platforms.ActiveCfg = Release|x86
		{0E926905-F750-49F9-AEBD-CE14B2B231D8}.CD_ROM|Mixed Platforms.Build.0 = Release|x86
		{0E926905-F750-49F9-AEBD-CE14B2B231D8}.CD_ROM|x86.ActiveCfg = Release|x86
		{0E926905-F750-49F9-AEBD-CE14B2B231D8}.CD_ROM|x86.Build.0 = Release|x86
		{0E926905-F750-49F9-AEBD-CE14B2B231D8}.Debug|Any CPU.ActiveCfg = Debug|Any CPU
		{0E926905-F750-49F9-AEBD-CE14B2B231D8}.Debug|Any CPU.Build.0 = Debug|Any CPU
		{0E926905-F750-49F9-AEBD-CE14B2B231D8}.Debug|Mixed Platforms.ActiveCfg = Debug|x86
		{0E926905-F750-49F9-AEBD-CE14B2B231D8}.Debug|Mixed Platforms.Build.0 = Debug|x86
		{0E926905-F750-49F9-AEBD-CE14B2B231D8}.Debug|x86.ActiveCfg = Debug|x86
		{0E926905-F750-49F9-AEBD-CE14B2B231D8}.Debug|x86.Build.0 = Debug|x86
		{0E926905-F750-49F9-AEBD-CE14B2B231D8}.DVD-5|Any CPU.ActiveCfg = Debug|x86
		{0E926905-F750-49F9-AEBD-CE14B2B231D8}.DVD-5|Mixed Platforms.ActiveCfg = Debug|x86
		{0E926905-F750-49F9-AEBD-CE14B2B231D8}.DVD-5|Mixed Platforms.Build.0 = Debug|x86
		{0E926905-F750-49F9-AEBD-CE14B2B231D8}.DVD-5|x86.ActiveCfg = Debug|x86
		{0E926905-F750-49F9-AEBD-CE14B2B231D8}.DVD-5|x86.Build.0 = Debug|x86
		{0E926905-F750-49F9-AEBD-CE14B2B231D8}.Release|Any CPU.ActiveCfg = Release|Any CPU
		{0E926905-F750-49F9-AEBD-CE14B2B231D8}.Release|Any CPU.Build.0 = Release|Any CPU
		{0E926905-F750-49F9-AEBD-CE14B2B231D8}.Release|Mixed Platforms.ActiveCfg = Release|x86
		{0E926905-F750-49F9-AEBD-CE14B2B231D8}.Release|Mixed Platforms.Build.0 = Release|x86
		{0E926905-F750-49F9-AEBD-CE14B2B231D8}.Release|x86.ActiveCfg = Release|x86
		{0E926905-F750-49F9-AEBD-CE14B2B231D8}.Release|x86.Build.0 = Release|x86
		{0E926905-F750-49F9-AEBD-CE14B2B231D8}.ReleaseSetup|Any CPU.ActiveCfg = Release|Any CPU
		{0E926905-F750-49F9-AEBD-CE14B2B231D8}.ReleaseSetup|Any CPU.Build.0 = Release|Any CPU
		{0E926905-F750-49F9-AEBD-CE14B2B231D8}.ReleaseSetup|Mixed Platforms.ActiveCfg = Release|x86
		{0E926905-F750-49F9-AEBD-CE14B2B231D8}.ReleaseSetup|Mixed Platforms.Build.0 = Release|x86
		{0E926905-F750-49F9-AEBD-CE14B2B231D8}.ReleaseSetup|x86.ActiveCfg = Release|x86
		{0E926905-F750-49F9-AEBD-CE14B2B231D8}.ReleaseSetup|x86.Build.0 = Release|x86
		{0E926905-F750-49F9-AEBD-CE14B2B231D8}.SingleImage|Any CPU.ActiveCfg = Release|x86
		{0E926905-F750-49F9-AEBD-CE14B2B231D8}.SingleImage|Mixed Platforms.ActiveCfg = Release|x86
		{0E926905-F750-49F9-AEBD-CE14B2B231D8}.SingleImage|Mixed Platforms.Build.0 = Release|x86
		{0E926905-F750-49F9-AEBD-CE14B2B231D8}.SingleImage|x86.ActiveCfg = Release|x86
		{0E926905-F750-49F9-AEBD-CE14B2B231D8}.SingleImage|x86.Build.0 = Release|x86
		{B3B92783-0D5E-43BB-833B-87DEA9B67D00}.CD_ROM|Any CPU.ActiveCfg = Release|x86
		{B3B92783-0D5E-43BB-833B-87DEA9B67D00}.CD_ROM|Mixed Platforms.ActiveCfg = Release|x86
		{B3B92783-0D5E-43BB-833B-87DEA9B67D00}.CD_ROM|Mixed Platforms.Build.0 = Release|x86
		{B3B92783-0D5E-43BB-833B-87DEA9B67D00}.CD_ROM|x86.ActiveCfg = Release|x86
		{B3B92783-0D5E-43BB-833B-87DEA9B67D00}.CD_ROM|x86.Build.0 = Release|x86
		{B3B92783-0D5E-43BB-833B-87DEA9B67D00}.Debug|Any CPU.ActiveCfg = Debug|Any CPU
		{B3B92783-0D5E-43BB-833B-87DEA9B67D00}.Debug|Any CPU.Build.0 = Debug|Any CPU
		{B3B92783-0D5E-43BB-833B-87DEA9B67D00}.Debug|Mixed Platforms.ActiveCfg = Debug|x86
		{B3B92783-0D5E-43BB-833B-87DEA9B67D00}.Debug|Mixed Platforms.Build.0 = Debug|x86
		{B3B92783-0D5E-43BB-833B-87DEA9B67D00}.Debug|x86.ActiveCfg = Debug|x86
		{B3B92783-0D5E-43BB-833B-87DEA9B67D00}.Debug|x86.Build.0 = Debug|x86
		{B3B92783-0D5E-43BB-833B-87DEA9B67D00}.DVD-5|Any CPU.ActiveCfg = Debug|x86
		{B3B92783-0D5E-43BB-833B-87DEA9B67D00}.DVD-5|Mixed Platforms.ActiveCfg = Debug|x86
		{B3B92783-0D5E-43BB-833B-87DEA9B67D00}.DVD-5|Mixed Platforms.Build.0 = Debug|x86
		{B3B92783-0D5E-43BB-833B-87DEA9B67D00}.DVD-5|x86.ActiveCfg = Debug|x86
		{B3B92783-0D5E-43BB-833B-87DEA9B67D00}.DVD-5|x86.Build.0 = Debug|x86
		{B3B92783-0D5E-43BB-833B-87DEA9B67D00}.Release|Any CPU.ActiveCfg = Release|Any CPU
		{B3B92783-0D5E-43BB-833B-87DEA9B67D00}.Release|Any CPU.Build.0 = Release|Any CPU
		{B3B92783-0D5E-43BB-833B-87DEA9B67D00}.Release|Mixed Platforms.ActiveCfg = Release|x86
		{B3B92783-0D5E-43BB-833B-87DEA9B67D00}.Release|Mixed Platforms.Build.0 = Release|x86
		{B3B92783-0D5E-43BB-833B-87DEA9B67D00}.Release|x86.ActiveCfg = Release|x86
		{B3B92783-0D5E-43BB-833B-87DEA9B67D00}.Release|x86.Build.0 = Release|x86
		{B3B92783-0D5E-43BB-833B-87DEA9B67D00}.ReleaseSetup|Any CPU.ActiveCfg = Release|Any CPU
		{B3B92783-0D5E-43BB-833B-87DEA9B67D00}.ReleaseSetup|Any CPU.Build.0 = Release|Any CPU
		{B3B92783-0D5E-43BB-833B-87DEA9B67D00}.ReleaseSetup|Mixed Platforms.ActiveCfg = Release|x86
		{B3B92783-0D5E-43BB-833B-87DEA9B67D00}.ReleaseSetup|Mixed Platforms.Build.0 = Release|x86
		{B3B92783-0D5E-43BB-833B-87DEA9B67D00}.ReleaseSetup|x86.ActiveCfg = Release|x86
		{B3B92783-0D5E-43BB-833B-87DEA9B67D00}.ReleaseSetup|x86.Build.0 = Release|x86
		{B3B92783-0D5E-43BB-833B-87DEA9B67D00}.SingleImage|Any CPU.ActiveCfg = Release|x86
		{B3B92783-0D5E-43BB-833B-87DEA9B67D00}.SingleImage|Mixed Platforms.ActiveCfg = Release|x86
		{B3B92783-0D5E-43BB-833B-87DEA9B67D00}.SingleImage|Mixed Platforms.Build.0 = Release|x86
		{B3B92783-0D5E-43BB-833B-87DEA9B67D00}.SingleImage|x86.ActiveCfg = Release|x86
		{B3B92783-0D5E-43BB-833B-87DEA9B67D00}.SingleImage|x86.Build.0 = Release|x86
		{1DC28CC8-1B2D-4A42-A64E-0AC82D789939}.CD_ROM|Any CPU.ActiveCfg = Release|x86
		{1DC28CC8-1B2D-4A42-A64E-0AC82D789939}.CD_ROM|Mixed Platforms.ActiveCfg = Release|x86
		{1DC28CC8-1B2D-4A42-A64E-0AC82D789939}.CD_ROM|Mixed Platforms.Build.0 = Release|x86
		{1DC28CC8-1B2D-4A42-A64E-0AC82D789939}.CD_ROM|x86.ActiveCfg = Release|x86
		{1DC28CC8-1B2D-4A42-A64E-0AC82D789939}.CD_ROM|x86.Build.0 = Release|x86
		{1DC28CC8-1B2D-4A42-A64E-0AC82D789939}.Debug|Any CPU.ActiveCfg = Debug|Any CPU
		{1DC28CC8-1B2D-4A42-A64E-0AC82D789939}.Debug|Any CPU.Build.0 = Debug|Any CPU
		{1DC28CC8-1B2D-4A42-A64E-0AC82D789939}.Debug|Mixed Platforms.ActiveCfg = Debug|x86
		{1DC28CC8-1B2D-4A42-A64E-0AC82D789939}.Debug|Mixed Platforms.Build.0 = Debug|x86
		{1DC28CC8-1B2D-4A42-A64E-0AC82D789939}.Debug|x86.ActiveCfg = Debug|x86
		{1DC28CC8-1B2D-4A42-A64E-0AC82D789939}.Debug|x86.Build.0 = Debug|x86
		{1DC28CC8-1B2D-4A42-A64E-0AC82D789939}.DVD-5|Any CPU.ActiveCfg = Debug|x86
		{1DC28CC8-1B2D-4A42-A64E-0AC82D789939}.DVD-5|Mixed Platforms.ActiveCfg = Debug|x86
		{1DC28CC8-1B2D-4A42-A64E-0AC82D789939}.DVD-5|Mixed Platforms.Build.0 = Debug|x86
		{1DC28CC8-1B2D-4A42-A64E-0AC82D789939}.DVD-5|x86.ActiveCfg = Debug|x86
		{1DC28CC8-1B2D-4A42-A64E-0AC82D789939}.DVD-5|x86.Build.0 = Debug|x86
		{1DC28CC8-1B2D-4A42-A64E-0AC82D789939}.Release|Any CPU.ActiveCfg = Release|Any CPU
		{1DC28CC8-1B2D-4A42-A64E-0AC82D789939}.Release|Any CPU.Build.0 = Release|Any CPU
		{1DC28CC8-1B2D-4A42-A64E-0AC82D789939}.Release|Mixed Platforms.ActiveCfg = Release|x86
		{1DC28CC8-1B2D-4A42-A64E-0AC82D789939}.Release|Mixed Platforms.Build.0 = Release|x86
		{1DC28CC8-1B2D-4A42-A64E-0AC82D789939}.Release|x86.ActiveCfg = Release|x86
		{1DC28CC8-1B2D-4A42-A64E-0AC82D789939}.Release|x86.Build.0 = Release|x86
		{1DC28CC8-1B2D-4A42-A64E-0AC82D789939}.ReleaseSetup|Any CPU.ActiveCfg = Release|Any CPU
		{1DC28CC8-1B2D-4A42-A64E-0AC82D789939}.ReleaseSetup|Any CPU.Build.0 = Release|Any CPU
		{1DC28CC8-1B2D-4A42-A64E-0AC82D789939}.ReleaseSetup|Mixed Platforms.ActiveCfg = Release|x86
		{1DC28CC8-1B2D-4A42-A64E-0AC82D789939}.ReleaseSetup|Mixed Platforms.Build.0 = Release|x86
		{1DC28CC8-1B2D-4A42-A64E-0AC82D789939}.ReleaseSetup|x86.ActiveCfg = Release|x86
		{1DC28CC8-1B2D-4A42-A64E-0AC82D789939}.ReleaseSetup|x86.Build.0 = Release|x86
		{1DC28CC8-1B2D-4A42-A64E-0AC82D789939}.SingleImage|Any CPU.ActiveCfg = Release|x86
		{1DC28CC8-1B2D-4A42-A64E-0AC82D789939}.SingleImage|Mixed Platforms.ActiveCfg = Release|x86
		{1DC28CC8-1B2D-4A42-A64E-0AC82D789939}.SingleImage|Mixed Platforms.Build.0 = Release|x86
		{1DC28CC8-1B2D-4A42-A64E-0AC82D789939}.SingleImage|x86.ActiveCfg = Release|x86
		{1DC28CC8-1B2D-4A42-A64E-0AC82D789939}.SingleImage|x86.Build.0 = Release|x86
		{953BFCE3-6F8A-42CF-8E57-592AA7AAC3D3}.CD_ROM|Any CPU.ActiveCfg = Release|x86
		{953BFCE3-6F8A-42CF-8E57-592AA7AAC3D3}.CD_ROM|Mixed Platforms.ActiveCfg = Release|x86
		{953BFCE3-6F8A-42CF-8E57-592AA7AAC3D3}.CD_ROM|Mixed Platforms.Build.0 = Release|x86
		{953BFCE3-6F8A-42CF-8E57-592AA7AAC3D3}.CD_ROM|x86.ActiveCfg = Release|x86
		{953BFCE3-6F8A-42CF-8E57-592AA7AAC3D3}.CD_ROM|x86.Build.0 = Release|x86
		{953BFCE3-6F8A-42CF-8E57-592AA7AAC3D3}.Debug|Any CPU.ActiveCfg = Debug|Any CPU
		{953BFCE3-6F8A-42CF-8E57-592AA7AAC3D3}.Debug|Any CPU.Build.0 = Debug|Any CPU
		{953BFCE3-6F8A-42CF-8E57-592AA7AAC3D3}.Debug|Mixed Platforms.ActiveCfg = Debug|x86
		{953BFCE3-6F8A-42CF-8E57-592AA7AAC3D3}.Debug|Mixed Platforms.Build.0 = Debug|x86
		{953BFCE3-6F8A-42CF-8E57-592AA7AAC3D3}.Debug|x86.ActiveCfg = Debug|x86
		{953BFCE3-6F8A-42CF-8E57-592AA7AAC3D3}.Debug|x86.Build.0 = Debug|x86
		{953BFCE3-6F8A-42CF-8E57-592AA7AAC3D3}.DVD-5|Any CPU.ActiveCfg = Debug|x86
		{953BFCE3-6F8A-42CF-8E57-592AA7AAC3D3}.DVD-5|Mixed Platforms.ActiveCfg = Debug|x86
		{953BFCE3-6F8A-42CF-8E57-592AA7AAC3D3}.DVD-5|Mixed Platforms.Build.0 = Debug|x86
		{953BFCE3-6F8A-42CF-8E57-592AA7AAC3D3}.DVD-5|x86.ActiveCfg = Debug|x86
		{953BFCE3-6F8A-42CF-8E57-592AA7AAC3D3}.DVD-5|x86.Build.0 = Debug|x86
		{953BFCE3-6F8A-42CF-8E57-592AA7AAC3D3}.Release|Any CPU.ActiveCfg = Release|Any CPU
		{953BFCE3-6F8A-42CF-8E57-592AA7AAC3D3}.Release|Any CPU.Build.0 = Release|Any CPU
		{953BFCE3-6F8A-42CF-8E57-592AA7AAC3D3}.Release|Mixed Platforms.ActiveCfg = Release|x86
		{953BFCE3-6F8A-42CF-8E57-592AA7AAC3D3}.Release|Mixed Platforms.Build.0 = Release|x86
		{953BFCE3-6F8A-42CF-8E57-592AA7AAC3D3}.Release|x86.ActiveCfg = Release|x86
		{953BFCE3-6F8A-42CF-8E57-592AA7AAC3D3}.Release|x86.Build.0 = Release|x86
		{953BFCE3-6F8A-42CF-8E57-592AA7AAC3D3}.ReleaseSetup|Any CPU.ActiveCfg = Release|Any CPU
		{953BFCE3-6F8A-42CF-8E57-592AA7AAC3D3}.ReleaseSetup|Any CPU.Build.0 = Release|Any CPU
		{953BFCE3-6F8A-42CF-8E57-592AA7AAC3D3}.ReleaseSetup|Mixed Platforms.ActiveCfg = Release|x86
		{953BFCE3-6F8A-42CF-8E57-592AA7AAC3D3}.ReleaseSetup|Mixed Platforms.Build.0 = Release|x86
		{953BFCE3-6F8A-42CF-8E57-592AA7AAC3D3}.ReleaseSetup|x86.ActiveCfg = Release|x86
		{953BFCE3-6F8A-42CF-8E57-592AA7AAC3D3}.ReleaseSetup|x86.Build.0 = Release|x86
		{953BFCE3-6F8A-42CF-8E57-592AA7AAC3D3}.SingleImage|Any CPU.ActiveCfg = Release|x86
		{953BFCE3-6F8A-42CF-8E57-592AA7AAC3D3}.SingleImage|Mixed Platforms.ActiveCfg = Release|x86
		{953BFCE3-6F8A-42CF-8E57-592AA7AAC3D3}.SingleImage|Mixed Platforms.Build.0 = Release|x86
		{953BFCE3-6F8A-42CF-8E57-592AA7AAC3D3}.SingleImage|x86.ActiveCfg = Release|x86
		{953BFCE3-6F8A-42CF-8E57-592AA7AAC3D3}.SingleImage|x86.Build.0 = Release|x86
		{647ED8C3-08D0-4E68-817E-AA4714AB1448}.CD_ROM|Any CPU.ActiveCfg = Release|x86
		{647ED8C3-08D0-4E68-817E-AA4714AB1448}.CD_ROM|Mixed Platforms.ActiveCfg = Release|x86
		{647ED8C3-08D0-4E68-817E-AA4714AB1448}.CD_ROM|Mixed Platforms.Build.0 = Release|x86
		{647ED8C3-08D0-4E68-817E-AA4714AB1448}.CD_ROM|x86.ActiveCfg = Release|x86
		{647ED8C3-08D0-4E68-817E-AA4714AB1448}.CD_ROM|x86.Build.0 = Release|x86
		{647ED8C3-08D0-4E68-817E-AA4714AB1448}.Debug|Any CPU.ActiveCfg = Debug|Any CPU
		{647ED8C3-08D0-4E68-817E-AA4714AB1448}.Debug|Any CPU.Build.0 = Debug|Any CPU
		{647ED8C3-08D0-4E68-817E-AA4714AB1448}.Debug|Mixed Platforms.ActiveCfg = Debug|x86
		{647ED8C3-08D0-4E68-817E-AA4714AB1448}.Debug|Mixed Platforms.Build.0 = Debug|x86
		{647ED8C3-08D0-4E68-817E-AA4714AB1448}.Debug|x86.ActiveCfg = Debug|x86
		{647ED8C3-08D0-4E68-817E-AA4714AB1448}.Debug|x86.Build.0 = Debug|x86
		{647ED8C3-08D0-4E68-817E-AA4714AB1448}.DVD-5|Any CPU.ActiveCfg = Debug|x86
		{647ED8C3-08D0-4E68-817E-AA4714AB1448}.DVD-5|Mixed Platforms.ActiveCfg = Debug|x86
		{647ED8C3-08D0-4E68-817E-AA4714AB1448}.DVD-5|Mixed Platforms.Build.0 = Debug|x86
		{647ED8C3-08D0-4E68-817E-AA4714AB1448}.DVD-5|x86.ActiveCfg = Debug|x86
		{647ED8C3-08D0-4E68-817E-AA4714AB1448}.DVD-5|x86.Build.0 = Debug|x86
		{647ED8C3-08D0-4E68-817E-AA4714AB1448}.Release|Any CPU.ActiveCfg = Release|Any CPU
		{647ED8C3-08D0-4E68-817E-AA4714AB1448}.Release|Any CPU.Build.0 = Release|Any CPU
		{647ED8C3-08D0-4E68-817E-AA4714AB1448}.Release|Mixed Platforms.ActiveCfg = Release|x86
		{647ED8C3-08D0-4E68-817E-AA4714AB1448}.Release|Mixed Platforms.Build.0 = Release|x86
		{647ED8C3-08D0-4E68-817E-AA4714AB1448}.Release|x86.ActiveCfg = Release|x86
		{647ED8C3-08D0-4E68-817E-AA4714AB1448}.Release|x86.Build.0 = Release|x86
		{647ED8C3-08D0-4E68-817E-AA4714AB1448}.ReleaseSetup|Any CPU.ActiveCfg = Release|Any CPU
		{647ED8C3-08D0-4E68-817E-AA4714AB1448}.ReleaseSetup|Any CPU.Build.0 = Release|Any CPU
		{647ED8C3-08D0-4E68-817E-AA4714AB1448}.ReleaseSetup|Mixed Platforms.ActiveCfg = Release|x86
		{647ED8C3-08D0-4E68-817E-AA4714AB1448}.ReleaseSetup|Mixed Platforms.Build.0 = Release|x86
		{647ED8C3-08D0-4E68-817E-AA4714AB1448}.ReleaseSetup|x86.ActiveCfg = Release|x86
		{647ED8C3-08D0-4E68-817E-AA4714AB1448}.ReleaseSetup|x86.Build.0 = Release|x86
		{647ED8C3-08D0-4E68-817E-AA4714AB1448}.SingleImage|Any CPU.ActiveCfg = Release|x86
		{647ED8C3-08D0-4E68-817E-AA4714AB1448}.SingleImage|Mixed Platforms.ActiveCfg = Release|x86
		{647ED8C3-08D0-4E68-817E-AA4714AB1448}.SingleImage|Mixed Platforms.Build.0 = Release|x86
		{647ED8C3-08D0-4E68-817E-AA4714AB1448}.SingleImage|x86.ActiveCfg = Release|x86
		{647ED8C3-08D0-4E68-817E-AA4714AB1448}.SingleImage|x86.Build.0 = Release|x86
		{42EEDC11-C395-4CE8-80E3-057AF4100DDE}.CD_ROM|Any CPU.ActiveCfg = Release|x86
		{42EEDC11-C395-4CE8-80E3-057AF4100DDE}.CD_ROM|Mixed Platforms.ActiveCfg = Release|x86
		{42EEDC11-C395-4CE8-80E3-057AF4100DDE}.CD_ROM|Mixed Platforms.Build.0 = Release|x86
		{42EEDC11-C395-4CE8-80E3-057AF4100DDE}.CD_ROM|x86.ActiveCfg = Release|x86
		{42EEDC11-C395-4CE8-80E3-057AF4100DDE}.CD_ROM|x86.Build.0 = Release|x86
		{42EEDC11-C395-4CE8-80E3-057AF4100DDE}.Debug|Any CPU.ActiveCfg = Debug|Any CPU
		{42EEDC11-C395-4CE8-80E3-057AF4100DDE}.Debug|Any CPU.Build.0 = Debug|Any CPU
		{42EEDC11-C395-4CE8-80E3-057AF4100DDE}.Debug|Mixed Platforms.ActiveCfg = Debug|x86
		{42EEDC11-C395-4CE8-80E3-057AF4100DDE}.Debug|Mixed Platforms.Build.0 = Debug|x86
		{42EEDC11-C395-4CE8-80E3-057AF4100DDE}.Debug|x86.ActiveCfg = Debug|x86
		{42EEDC11-C395-4CE8-80E3-057AF4100DDE}.Debug|x86.Build.0 = Debug|x86
		{42EEDC11-C395-4CE8-80E3-057AF4100DDE}.DVD-5|Any CPU.ActiveCfg = Debug|x86
		{42EEDC11-C395-4CE8-80E3-057AF4100DDE}.DVD-5|Mixed Platforms.ActiveCfg = Debug|x86
		{42EEDC11-C395-4CE8-80E3-057AF4100DDE}.DVD-5|Mixed Platforms.Build.0 = Debug|x86
		{42EEDC11-C395-4CE8-80E3-057AF4100DDE}.DVD-5|x86.ActiveCfg = Debug|x86
		{42EEDC11-C395-4CE8-80E3-057AF4100DDE}.DVD-5|x86.Build.0 = Debug|x86
		{42EEDC11-C395-4CE8-80E3-057AF4100DDE}.Release|Any CPU.ActiveCfg = Release|Any CPU
		{42EEDC11-C395-4CE8-80E3-057AF4100DDE}.Release|Any CPU.Build.0 = Release|Any CPU
		{42EEDC11-C395-4CE8-80E3-057AF4100DDE}.Release|Mixed Platforms.ActiveCfg = Release|x86
		{42EEDC11-C395-4CE8-80E3-057AF4100DDE}.Release|Mixed Platforms.Build.0 = Release|x86
		{42EEDC11-C395-4CE8-80E3-057AF4100DDE}.Release|x86.ActiveCfg = Release|x86
		{42EEDC11-C395-4CE8-80E3-057AF4100DDE}.Release|x86.Build.0 = Release|x86
		{42EEDC11-C395-4CE8-80E3-057AF4100DDE}.ReleaseSetup|Any CPU.ActiveCfg = Release|Any CPU
		{42EEDC11-C395-4CE8-80E3-057AF4100DDE}.ReleaseSetup|Any CPU.Build.0 = Release|Any CPU
		{42EEDC11-C395-4CE8-80E3-057AF4100DDE}.ReleaseSetup|Mixed Platforms.ActiveCfg = Release|x86
		{42EEDC11-C395-4CE8-80E3-057AF4100DDE}.ReleaseSetup|Mixed Platforms.Build.0 = Release|x86
		{42EEDC11-C395-4CE8-80E3-057AF4100DDE}.ReleaseSetup|x86.ActiveCfg = Release|x86
		{42EEDC11-C395-4CE8-80E3-057AF4100DDE}.ReleaseSetup|x86.Build.0 = Release|x86
		{42EEDC11-C395-4CE8-80E3-057AF4100DDE}.SingleImage|Any CPU.ActiveCfg = Release|x86
		{42EEDC11-C395-4CE8-80E3-057AF4100DDE}.SingleImage|Mixed Platforms.ActiveCfg = Release|x86
		{42EEDC11-C395-4CE8-80E3-057AF4100DDE}.SingleImage|Mixed Platforms.Build.0 = Release|x86
		{42EEDC11-C395-4CE8-80E3-057AF4100DDE}.SingleImage|x86.ActiveCfg = Release|x86
		{42EEDC11-C395-4CE8-80E3-057AF4100DDE}.SingleImage|x86.Build.0 = Release|x86
		{803A5B78-3FBA-4836-80EF-9BA104FC1D3E}.CD_ROM|Any CPU.ActiveCfg = Release|x86
		{803A5B78-3FBA-4836-80EF-9BA104FC1D3E}.CD_ROM|Mixed Platforms.ActiveCfg = Release|x86
		{803A5B78-3FBA-4836-80EF-9BA104FC1D3E}.CD_ROM|Mixed Platforms.Build.0 = Release|x86
		{803A5B78-3FBA-4836-80EF-9BA104FC1D3E}.CD_ROM|x86.ActiveCfg = Release|x86
		{803A5B78-3FBA-4836-80EF-9BA104FC1D3E}.CD_ROM|x86.Build.0 = Release|x86
		{803A5B78-3FBA-4836-80EF-9BA104FC1D3E}.Debug|Any CPU.ActiveCfg = Debug|Any CPU
		{803A5B78-3FBA-4836-80EF-9BA104FC1D3E}.Debug|Any CPU.Build.0 = Debug|Any CPU
		{803A5B78-3FBA-4836-80EF-9BA104FC1D3E}.Debug|Mixed Platforms.ActiveCfg = Debug|Any CPU
		{803A5B78-3FBA-4836-80EF-9BA104FC1D3E}.Debug|Mixed Platforms.Build.0 = Debug|Any CPU
		{803A5B78-3FBA-4836-80EF-9BA104FC1D3E}.Debug|x86.ActiveCfg = Debug|x86
		{803A5B78-3FBA-4836-80EF-9BA104FC1D3E}.Debug|x86.Build.0 = Debug|x86
		{803A5B78-3FBA-4836-80EF-9BA104FC1D3E}.DVD-5|Any CPU.ActiveCfg = Debug|x86
		{803A5B78-3FBA-4836-80EF-9BA104FC1D3E}.DVD-5|Mixed Platforms.ActiveCfg = Debug|x86
		{803A5B78-3FBA-4836-80EF-9BA104FC1D3E}.DVD-5|Mixed Platforms.Build.0 = Debug|x86
		{803A5B78-3FBA-4836-80EF-9BA104FC1D3E}.DVD-5|x86.ActiveCfg = Debug|x86
		{803A5B78-3FBA-4836-80EF-9BA104FC1D3E}.DVD-5|x86.Build.0 = Debug|x86
		{803A5B78-3FBA-4836-80EF-9BA104FC1D3E}.Release|Any CPU.ActiveCfg = Release|Any CPU
		{803A5B78-3FBA-4836-80EF-9BA104FC1D3E}.Release|Any CPU.Build.0 = Release|Any CPU
		{803A5B78-3FBA-4836-80EF-9BA104FC1D3E}.Release|Mixed Platforms.ActiveCfg = Release|x86
		{803A5B78-3FBA-4836-80EF-9BA104FC1D3E}.Release|Mixed Platforms.Build.0 = Release|x86
		{803A5B78-3FBA-4836-80EF-9BA104FC1D3E}.Release|x86.ActiveCfg = Release|x86
		{803A5B78-3FBA-4836-80EF-9BA104FC1D3E}.Release|x86.Build.0 = Release|x86
		{803A5B78-3FBA-4836-80EF-9BA104FC1D3E}.ReleaseSetup|Any CPU.ActiveCfg = Release|Any CPU
		{803A5B78-3FBA-4836-80EF-9BA104FC1D3E}.ReleaseSetup|Any CPU.Build.0 = Release|Any CPU
		{803A5B78-3FBA-4836-80EF-9BA104FC1D3E}.ReleaseSetup|Mixed Platforms.ActiveCfg = Release|x86
		{803A5B78-3FBA-4836-80EF-9BA104FC1D3E}.ReleaseSetup|Mixed Platforms.Build.0 = Release|x86
		{803A5B78-3FBA-4836-80EF-9BA104FC1D3E}.ReleaseSetup|x86.ActiveCfg = Release|x86
		{803A5B78-3FBA-4836-80EF-9BA104FC1D3E}.ReleaseSetup|x86.Build.0 = Release|x86
		{803A5B78-3FBA-4836-80EF-9BA104FC1D3E}.SingleImage|Any CPU.ActiveCfg = Release|x86
		{803A5B78-3FBA-4836-80EF-9BA104FC1D3E}.SingleImage|Mixed Platforms.ActiveCfg = Release|x86
		{803A5B78-3FBA-4836-80EF-9BA104FC1D3E}.SingleImage|Mixed Platforms.Build.0 = Release|x86
		{803A5B78-3FBA-4836-80EF-9BA104FC1D3E}.SingleImage|x86.ActiveCfg = Release|x86
		{803A5B78-3FBA-4836-80EF-9BA104FC1D3E}.SingleImage|x86.Build.0 = Release|x86
		{9D7478AE-52D8-41B6-8E5C-D3F483919993}.CD_ROM|Any CPU.ActiveCfg = Release|Any CPU
		{9D7478AE-52D8-41B6-8E5C-D3F483919993}.CD_ROM|Any CPU.Build.0 = Release|Any CPU
		{9D7478AE-52D8-41B6-8E5C-D3F483919993}.CD_ROM|Mixed Platforms.ActiveCfg = Release|Any CPU
		{9D7478AE-52D8-41B6-8E5C-D3F483919993}.CD_ROM|Mixed Platforms.Build.0 = Release|Any CPU
		{9D7478AE-52D8-41B6-8E5C-D3F483919993}.CD_ROM|x86.ActiveCfg = Release|Any CPU
		{9D7478AE-52D8-41B6-8E5C-D3F483919993}.Debug|Any CPU.ActiveCfg = Debug|Any CPU
		{9D7478AE-52D8-41B6-8E5C-D3F483919993}.Debug|Any CPU.Build.0 = Debug|Any CPU
		{9D7478AE-52D8-41B6-8E5C-D3F483919993}.Debug|Mixed Platforms.ActiveCfg = Debug|Any CPU
		{9D7478AE-52D8-41B6-8E5C-D3F483919993}.Debug|Mixed Platforms.Build.0 = Debug|Any CPU
		{9D7478AE-52D8-41B6-8E5C-D3F483919993}.Debug|x86.ActiveCfg = Debug|Any CPU
		{9D7478AE-52D8-41B6-8E5C-D3F483919993}.DVD-5|Any CPU.ActiveCfg = Debug|Any CPU
		{9D7478AE-52D8-41B6-8E5C-D3F483919993}.DVD-5|Any CPU.Build.0 = Debug|Any CPU
		{9D7478AE-52D8-41B6-8E5C-D3F483919993}.DVD-5|Mixed Platforms.ActiveCfg = Debug|Any CPU
		{9D7478AE-52D8-41B6-8E5C-D3F483919993}.DVD-5|Mixed Platforms.Build.0 = Debug|Any CPU
		{9D7478AE-52D8-41B6-8E5C-D3F483919993}.DVD-5|x86.ActiveCfg = Debug|Any CPU
		{9D7478AE-52D8-41B6-8E5C-D3F483919993}.Release|Any CPU.ActiveCfg = Release|Any CPU
		{9D7478AE-52D8-41B6-8E5C-D3F483919993}.Release|Any CPU.Build.0 = Release|Any CPU
		{9D7478AE-52D8-41B6-8E5C-D3F483919993}.Release|Mixed Platforms.ActiveCfg = Release|Any CPU
		{9D7478AE-52D8-41B6-8E5C-D3F483919993}.Release|Mixed Platforms.Build.0 = Release|Any CPU
		{9D7478AE-52D8-41B6-8E5C-D3F483919993}.Release|x86.ActiveCfg = Release|Any CPU
		{9D7478AE-52D8-41B6-8E5C-D3F483919993}.ReleaseSetup|Any CPU.ActiveCfg = Release|Any CPU
		{9D7478AE-52D8-41B6-8E5C-D3F483919993}.ReleaseSetup|Any CPU.Build.0 = Release|Any CPU
		{9D7478AE-52D8-41B6-8E5C-D3F483919993}.ReleaseSetup|Mixed Platforms.ActiveCfg = Release|Any CPU
		{9D7478AE-52D8-41B6-8E5C-D3F483919993}.ReleaseSetup|Mixed Platforms.Build.0 = Release|Any CPU
		{9D7478AE-52D8-41B6-8E5C-D3F483919993}.ReleaseSetup|x86.ActiveCfg = Release|Any CPU
		{9D7478AE-52D8-41B6-8E5C-D3F483919993}.SingleImage|Any CPU.ActiveCfg = Release|Any CPU
		{9D7478AE-52D8-41B6-8E5C-D3F483919993}.SingleImage|Any CPU.Build.0 = Release|Any CPU
		{9D7478AE-52D8-41B6-8E5C-D3F483919993}.SingleImage|Mixed Platforms.ActiveCfg = Release|Any CPU
		{9D7478AE-52D8-41B6-8E5C-D3F483919993}.SingleImage|Mixed Platforms.Build.0 = Release|Any CPU
		{9D7478AE-52D8-41B6-8E5C-D3F483919993}.SingleImage|x86.ActiveCfg = Release|Any CPU
		{EF616C5D-B02E-4BF2-9AB5-81E6F479C342}.CD_ROM|Any CPU.ActiveCfg = Release|Any CPU
		{EF616C5D-B02E-4BF2-9AB5-81E6F479C342}.CD_ROM|Any CPU.Build.0 = Release|Any CPU
		{EF616C5D-B02E-4BF2-9AB5-81E6F479C342}.CD_ROM|Mixed Platforms.ActiveCfg = Release|Any CPU
		{EF616C5D-B02E-4BF2-9AB5-81E6F479C342}.CD_ROM|Mixed Platforms.Build.0 = Release|Any CPU
		{EF616C5D-B02E-4BF2-9AB5-81E6F479C342}.CD_ROM|x86.ActiveCfg = Release|Any CPU
		{EF616C5D-B02E-4BF2-9AB5-81E6F479C342}.Debug|Any CPU.ActiveCfg = Debug|Any CPU
		{EF616C5D-B02E-4BF2-9AB5-81E6F479C342}.Debug|Any CPU.Build.0 = Debug|Any CPU
		{EF616C5D-B02E-4BF2-9AB5-81E6F479C342}.Debug|Mixed Platforms.ActiveCfg = Debug|Any CPU
		{EF616C5D-B02E-4BF2-9AB5-81E6F479C342}.Debug|Mixed Platforms.Build.0 = Debug|Any CPU
		{EF616C5D-B02E-4BF2-9AB5-81E6F479C342}.Debug|x86.ActiveCfg = Debug|Any CPU
		{EF616C5D-B02E-4BF2-9AB5-81E6F479C342}.DVD-5|Any CPU.ActiveCfg = Debug|Any CPU
		{EF616C5D-B02E-4BF2-9AB5-81E6F479C342}.DVD-5|Any CPU.Build.0 = Debug|Any CPU
		{EF616C5D-B02E-4BF2-9AB5-81E6F479C342}.DVD-5|Mixed Platforms.ActiveCfg = Debug|Any CPU
		{EF616C5D-B02E-4BF2-9AB5-81E6F479C342}.DVD-5|Mixed Platforms.Build.0 = Debug|Any CPU
		{EF616C5D-B02E-4BF2-9AB5-81E6F479C342}.DVD-5|x86.ActiveCfg = Debug|Any CPU
		{EF616C5D-B02E-4BF2-9AB5-81E6F479C342}.Release|Any CPU.ActiveCfg = Release|Any CPU
		{EF616C5D-B02E-4BF2-9AB5-81E6F479C342}.Release|Any CPU.Build.0 = Release|Any CPU
		{EF616C5D-B02E-4BF2-9AB5-81E6F479C342}.Release|Mixed Platforms.ActiveCfg = Release|Any CPU
		{EF616C5D-B02E-4BF2-9AB5-81E6F479C342}.Release|Mixed Platforms.Build.0 = Release|Any CPU
		{EF616C5D-B02E-4BF2-9AB5-81E6F479C342}.Release|x86.ActiveCfg = Release|Any CPU
		{EF616C5D-B02E-4BF2-9AB5-81E6F479C342}.ReleaseSetup|Any CPU.ActiveCfg = Release|Any CPU
		{EF616C5D-B02E-4BF2-9AB5-81E6F479C342}.ReleaseSetup|Any CPU.Build.0 = Release|Any CPU
		{EF616C5D-B02E-4BF2-9AB5-81E6F479C342}.ReleaseSetup|Mixed Platforms.ActiveCfg = Release|Any CPU
		{EF616C5D-B02E-4BF2-9AB5-81E6F479C342}.ReleaseSetup|Mixed Platforms.Build.0 = Release|Any CPU
		{EF616C5D-B02E-4BF2-9AB5-81E6F479C342}.ReleaseSetup|x86.ActiveCfg = Release|Any CPU
		{EF616C5D-B02E-4BF2-9AB5-81E6F479C342}.SingleImage|Any CPU.ActiveCfg = Release|Any CPU
		{EF616C5D-B02E-4BF2-9AB5-81E6F479C342}.SingleImage|Any CPU.Build.0 = Release|Any CPU
		{EF616C5D-B02E-4BF2-9AB5-81E6F479C342}.SingleImage|Mixed Platforms.ActiveCfg = Release|Any CPU
		{EF616C5D-B02E-4BF2-9AB5-81E6F479C342}.SingleImage|Mixed Platforms.Build.0 = Release|Any CPU
		{EF616C5D-B02E-4BF2-9AB5-81E6F479C342}.SingleImage|x86.ActiveCfg = Release|Any CPU
		{5E626E4F-BB7A-4262-9EB3-B37069A1C844}.CD_ROM|Any CPU.ActiveCfg = Release|Any CPU
		{5E626E4F-BB7A-4262-9EB3-B37069A1C844}.CD_ROM|Any CPU.Build.0 = Release|Any CPU
		{5E626E4F-BB7A-4262-9EB3-B37069A1C844}.CD_ROM|Mixed Platforms.ActiveCfg = Release|Any CPU
		{5E626E4F-BB7A-4262-9EB3-B37069A1C844}.CD_ROM|Mixed Platforms.Build.0 = Release|Any CPU
		{5E626E4F-BB7A-4262-9EB3-B37069A1C844}.CD_ROM|x86.ActiveCfg = Release|Any CPU
		{5E626E4F-BB7A-4262-9EB3-B37069A1C844}.Debug|Any CPU.ActiveCfg = Debug|Any CPU
		{5E626E4F-BB7A-4262-9EB3-B37069A1C844}.Debug|Any CPU.Build.0 = Debug|Any CPU
		{5E626E4F-BB7A-4262-9EB3-B37069A1C844}.Debug|Mixed Platforms.ActiveCfg = Debug|Any CPU
		{5E626E4F-BB7A-4262-9EB3-B37069A1C844}.Debug|Mixed Platforms.Build.0 = Debug|Any CPU
		{5E626E4F-BB7A-4262-9EB3-B37069A1C844}.Debug|x86.ActiveCfg = Debug|Any CPU
		{5E626E4F-BB7A-4262-9EB3-B37069A1C844}.DVD-5|Any CPU.ActiveCfg = Debug|Any CPU
		{5E626E4F-BB7A-4262-9EB3-B37069A1C844}.DVD-5|Any CPU.Build.0 = Debug|Any CPU
		{5E626E4F-BB7A-4262-9EB3-B37069A1C844}.DVD-5|Mixed Platforms.ActiveCfg = Debug|Any CPU
		{5E626E4F-BB7A-4262-9EB3-B37069A1C844}.DVD-5|Mixed Platforms.Build.0 = Debug|Any CPU
		{5E626E4F-BB7A-4262-9EB3-B37069A1C844}.DVD-5|x86.ActiveCfg = Debug|Any CPU
		{5E626E4F-BB7A-4262-9EB3-B37069A1C844}.Release|Any CPU.ActiveCfg = Release|Any CPU
		{5E626E4F-BB7A-4262-9EB3-B37069A1C844}.Release|Any CPU.Build.0 = Release|Any CPU
		{5E626E4F-BB7A-4262-9EB3-B37069A1C844}.Release|Mixed Platforms.ActiveCfg = Release|Any CPU
		{5E626E4F-BB7A-4262-9EB3-B37069A1C844}.Release|Mixed Platforms.Build.0 = Release|Any CPU
		{5E626E4F-BB7A-4262-9EB3-B37069A1C844}.Release|x86.ActiveCfg = Release|Any CPU
		{5E626E4F-BB7A-4262-9EB3-B37069A1C844}.ReleaseSetup|Any CPU.ActiveCfg = Release|Any CPU
		{5E626E4F-BB7A-4262-9EB3-B37069A1C844}.ReleaseSetup|Any CPU.Build.0 = Release|Any CPU
		{5E626E4F-BB7A-4262-9EB3-B37069A1C844}.ReleaseSetup|Mixed Platforms.ActiveCfg = Release|Any CPU
		{5E626E4F-BB7A-4262-9EB3-B37069A1C844}.ReleaseSetup|Mixed Platforms.Build.0 = Release|Any CPU
		{5E626E4F-BB7A-4262-9EB3-B37069A1C844}.ReleaseSetup|x86.ActiveCfg = Release|Any CPU
		{5E626E4F-BB7A-4262-9EB3-B37069A1C844}.SingleImage|Any CPU.ActiveCfg = Release|Any CPU
		{5E626E4F-BB7A-4262-9EB3-B37069A1C844}.SingleImage|Any CPU.Build.0 = Release|Any CPU
		{5E626E4F-BB7A-4262-9EB3-B37069A1C844}.SingleImage|Mixed Platforms.ActiveCfg = Release|Any CPU
		{5E626E4F-BB7A-4262-9EB3-B37069A1C844}.SingleImage|Mixed Platforms.Build.0 = Release|Any CPU
		{5E626E4F-BB7A-4262-9EB3-B37069A1C844}.SingleImage|x86.ActiveCfg = Release|Any CPU
		{51D99479-B857-40B4-9292-14BE1E7C2803}.CD_ROM|Any CPU.ActiveCfg = CD_ROM
		{51D99479-B857-40B4-9292-14BE1E7C2803}.CD_ROM|Any CPU.Build.0 = CD_ROM
		{51D99479-B857-40B4-9292-14BE1E7C2803}.CD_ROM|Mixed Platforms.ActiveCfg = CD_ROM
		{51D99479-B857-40B4-9292-14BE1E7C2803}.CD_ROM|x86.ActiveCfg = CD_ROM
		{51D99479-B857-40B4-9292-14BE1E7C2803}.Debug|Any CPU.ActiveCfg = SingleImage
		{51D99479-B857-40B4-9292-14BE1E7C2803}.Debug|Mixed Platforms.ActiveCfg = DVD-5
		{51D99479-B857-40B4-9292-14BE1E7C2803}.Debug|x86.ActiveCfg = DVD-5
		{51D99479-B857-40B4-9292-14BE1E7C2803}.DVD-5|Any CPU.ActiveCfg = DVD-5
		{51D99479-B857-40B4-9292-14BE1E7C2803}.DVD-5|Any CPU.Build.0 = DVD-5
		{51D99479-B857-40B4-9292-14BE1E7C2803}.DVD-5|Mixed Platforms.ActiveCfg = DVD-5
		{51D99479-B857-40B4-9292-14BE1E7C2803}.DVD-5|x86.ActiveCfg = DVD-5
		{51D99479-B857-40B4-9292-14BE1E7C2803}.Release|Any CPU.ActiveCfg = SingleImage
		{51D99479-B857-40B4-9292-14BE1E7C2803}.Release|Any CPU.Build.0 = SingleImage
		{51D99479-B857-40B4-9292-14BE1E7C2803}.Release|Mixed Platforms.ActiveCfg = DVD-5
		{51D99479-B857-40B4-9292-14BE1E7C2803}.Release|x86.ActiveCfg = DVD-5
		{51D99479-B857-40B4-9292-14BE1E7C2803}.ReleaseSetup|Any CPU.ActiveCfg = SingleImage
		{51D99479-B857-40B4-9292-14BE1E7C2803}.ReleaseSetup|Any CPU.Build.0 = SingleImage
		{51D99479-B857-40B4-9292-14BE1E7C2803}.ReleaseSetup|Mixed Platforms.ActiveCfg = DVD-5
		{51D99479-B857-40B4-9292-14BE1E7C2803}.ReleaseSetup|x86.ActiveCfg = DVD-5
		{51D99479-B857-40B4-9292-14BE1E7C2803}.SingleImage|Any CPU.ActiveCfg = SingleImage
		{51D99479-B857-40B4-9292-14BE1E7C2803}.SingleImage|Any CPU.Build.0 = SingleImage
		{51D99479-B857-40B4-9292-14BE1E7C2803}.SingleImage|Mixed Platforms.ActiveCfg = SingleImage
		{51D99479-B857-40B4-9292-14BE1E7C2803}.SingleImage|x86.ActiveCfg = SingleImage
		{4FE4228C-502B-47B7-A79B-79BEE6221C25}.CD_ROM|Any CPU.ActiveCfg = Release|Any CPU
		{4FE4228C-502B-47B7-A79B-79BEE6221C25}.CD_ROM|Any CPU.Build.0 = Release|Any CPU
		{4FE4228C-502B-47B7-A79B-79BEE6221C25}.CD_ROM|Mixed Platforms.ActiveCfg = Release|Any CPU
		{4FE4228C-502B-47B7-A79B-79BEE6221C25}.CD_ROM|Mixed Platforms.Build.0 = Release|Any CPU
		{4FE4228C-502B-47B7-A79B-79BEE6221C25}.CD_ROM|x86.ActiveCfg = Release|Any CPU
		{4FE4228C-502B-47B7-A79B-79BEE6221C25}.Debug|Any CPU.ActiveCfg = Debug|Any CPU
		{4FE4228C-502B-47B7-A79B-79BEE6221C25}.Debug|Any CPU.Build.0 = Debug|Any CPU
		{4FE4228C-502B-47B7-A79B-79BEE6221C25}.Debug|Mixed Platforms.ActiveCfg = Debug|Any CPU
		{4FE4228C-502B-47B7-A79B-79BEE6221C25}.Debug|Mixed Platforms.Build.0 = Debug|Any CPU
		{4FE4228C-502B-47B7-A79B-79BEE6221C25}.Debug|x86.ActiveCfg = Debug|Any CPU
		{4FE4228C-502B-47B7-A79B-79BEE6221C25}.DVD-5|Any CPU.ActiveCfg = Debug|Any CPU
		{4FE4228C-502B-47B7-A79B-79BEE6221C25}.DVD-5|Any CPU.Build.0 = Debug|Any CPU
		{4FE4228C-502B-47B7-A79B-79BEE6221C25}.DVD-5|Mixed Platforms.ActiveCfg = Debug|Any CPU
		{4FE4228C-502B-47B7-A79B-79BEE6221C25}.DVD-5|Mixed Platforms.Build.0 = Debug|Any CPU
		{4FE4228C-502B-47B7-A79B-79BEE6221C25}.DVD-5|x86.ActiveCfg = Debug|Any CPU
		{4FE4228C-502B-47B7-A79B-79BEE6221C25}.Release|Any CPU.ActiveCfg = Release|Any CPU
		{4FE4228C-502B-47B7-A79B-79BEE6221C25}.Release|Any CPU.Build.0 = Release|Any CPU
		{4FE4228C-502B-47B7-A79B-79BEE6221C25}.Release|Mixed Platforms.ActiveCfg = Release|Any CPU
		{4FE4228C-502B-47B7-A79B-79BEE6221C25}.Release|Mixed Platforms.Build.0 = Release|Any CPU
		{4FE4228C-502B-47B7-A79B-79BEE6221C25}.Release|x86.ActiveCfg = Release|Any CPU
		{4FE4228C-502B-47B7-A79B-79BEE6221C25}.ReleaseSetup|Any CPU.ActiveCfg = Release|Any CPU
		{4FE4228C-502B-47B7-A79B-79BEE6221C25}.ReleaseSetup|Any CPU.Build.0 = Release|Any CPU
		{4FE4228C-502B-47B7-A79B-79BEE6221C25}.ReleaseSetup|Mixed Platforms.ActiveCfg = Release|Any CPU
		{4FE4228C-502B-47B7-A79B-79BEE6221C25}.ReleaseSetup|Mixed Platforms.Build.0 = Release|Any CPU
		{4FE4228C-502B-47B7-A79B-79BEE6221C25}.ReleaseSetup|x86.ActiveCfg = Release|Any CPU
		{4FE4228C-502B-47B7-A79B-79BEE6221C25}.SingleImage|Any CPU.ActiveCfg = Release|Any CPU
		{4FE4228C-502B-47B7-A79B-79BEE6221C25}.SingleImage|Any CPU.Build.0 = Release|Any CPU
		{4FE4228C-502B-47B7-A79B-79BEE6221C25}.SingleImage|Mixed Platforms.ActiveCfg = Release|Any CPU
		{4FE4228C-502B-47B7-A79B-79BEE6221C25}.SingleImage|Mixed Platforms.Build.0 = Release|Any CPU
		{4FE4228C-502B-47B7-A79B-79BEE6221C25}.SingleImage|x86.ActiveCfg = Release|Any CPU
		{5087E30D-95F3-49B6-B534-2EBA91C599CC}.CD_ROM|Any CPU.ActiveCfg = Release|x86
		{5087E30D-95F3-49B6-B534-2EBA91C599CC}.CD_ROM|Mixed Platforms.ActiveCfg = Release|x86
		{5087E30D-95F3-49B6-B534-2EBA91C599CC}.CD_ROM|Mixed Platforms.Build.0 = Release|x86
		{5087E30D-95F3-49B6-B534-2EBA91C599CC}.CD_ROM|x86.ActiveCfg = Release|x86
		{5087E30D-95F3-49B6-B534-2EBA91C599CC}.CD_ROM|x86.Build.0 = Release|x86
		{5087E30D-95F3-49B6-B534-2EBA91C599CC}.Debug|Any CPU.ActiveCfg = Debug|x86
		{5087E30D-95F3-49B6-B534-2EBA91C599CC}.Debug|Mixed Platforms.ActiveCfg = Debug|x86
		{5087E30D-95F3-49B6-B534-2EBA91C599CC}.Debug|Mixed Platforms.Build.0 = Debug|x86
		{5087E30D-95F3-49B6-B534-2EBA91C599CC}.Debug|x86.ActiveCfg = Debug|x86
		{5087E30D-95F3-49B6-B534-2EBA91C599CC}.Debug|x86.Build.0 = Debug|x86
		{5087E30D-95F3-49B6-B534-2EBA91C599CC}.DVD-5|Any CPU.ActiveCfg = Debug|x86
		{5087E30D-95F3-49B6-B534-2EBA91C599CC}.DVD-5|Mixed Platforms.ActiveCfg = Debug|x86
		{5087E30D-95F3-49B6-B534-2EBA91C599CC}.DVD-5|Mixed Platforms.Build.0 = Debug|x86
		{5087E30D-95F3-49B6-B534-2EBA91C599CC}.DVD-5|x86.ActiveCfg = Debug|x86
		{5087E30D-95F3-49B6-B534-2EBA91C599CC}.DVD-5|x86.Build.0 = Debug|x86
		{5087E30D-95F3-49B6-B534-2EBA91C599CC}.Release|Any CPU.ActiveCfg = Release|x86
		{5087E30D-95F3-49B6-B534-2EBA91C599CC}.Release|Mixed Platforms.ActiveCfg = Release|x86
		{5087E30D-95F3-49B6-B534-2EBA91C599CC}.Release|Mixed Platforms.Build.0 = Release|x86
		{5087E30D-95F3-49B6-B534-2EBA91C599CC}.Release|x86.ActiveCfg = Release|x86
		{5087E30D-95F3-49B6-B534-2EBA91C599CC}.Release|x86.Build.0 = Release|x86
		{5087E30D-95F3-49B6-B534-2EBA91C599CC}.ReleaseSetup|Any CPU.ActiveCfg = Release|x86
		{5087E30D-95F3-49B6-B534-2EBA91C599CC}.ReleaseSetup|Mixed Platforms.ActiveCfg = Release|x86
		{5087E30D-95F3-49B6-B534-2EBA91C599CC}.ReleaseSetup|Mixed Platforms.Build.0 = Release|x86
		{5087E30D-95F3-49B6-B534-2EBA91C599CC}.ReleaseSetup|x86.ActiveCfg = Release|x86
		{5087E30D-95F3-49B6-B534-2EBA91C599CC}.ReleaseSetup|x86.Build.0 = Release|x86
		{5087E30D-95F3-49B6-B534-2EBA91C599CC}.SingleImage|Any CPU.ActiveCfg = Release|x86
		{5087E30D-95F3-49B6-B534-2EBA91C599CC}.SingleImage|Mixed Platforms.ActiveCfg = Release|x86
		{5087E30D-95F3-49B6-B534-2EBA91C599CC}.SingleImage|Mixed Platforms.Build.0 = Release|x86
		{5087E30D-95F3-49B6-B534-2EBA91C599CC}.SingleImage|x86.ActiveCfg = Release|x86
		{5087E30D-95F3-49B6-B534-2EBA91C599CC}.SingleImage|x86.Build.0 = Release|x86
		{B351E843-2BE4-4302-BD98-43D149185FB7}.CD_ROM|Any CPU.ActiveCfg = Release|Any CPU
		{B351E843-2BE4-4302-BD98-43D149185FB7}.CD_ROM|Any CPU.Build.0 = Release|Any CPU
		{B351E843-2BE4-4302-BD98-43D149185FB7}.CD_ROM|Mixed Platforms.ActiveCfg = Release|Any CPU
		{B351E843-2BE4-4302-BD98-43D149185FB7}.CD_ROM|Mixed Platforms.Build.0 = Release|Any CPU
		{B351E843-2BE4-4302-BD98-43D149185FB7}.CD_ROM|x86.ActiveCfg = Release|Any CPU
		{B351E843-2BE4-4302-BD98-43D149185FB7}.Debug|Any CPU.ActiveCfg = Debug|Any CPU
		{B351E843-2BE4-4302-BD98-43D149185FB7}.Debug|Any CPU.Build.0 = Debug|Any CPU
		{B351E843-2BE4-4302-BD98-43D149185FB7}.Debug|Mixed Platforms.ActiveCfg = Debug|Any CPU
		{B351E843-2BE4-4302-BD98-43D149185FB7}.Debug|Mixed Platforms.Build.0 = Debug|Any CPU
		{B351E843-2BE4-4302-BD98-43D149185FB7}.Debug|x86.ActiveCfg = Debug|Any CPU
		{B351E843-2BE4-4302-BD98-43D149185FB7}.DVD-5|Any CPU.ActiveCfg = Debug|Any CPU
		{B351E843-2BE4-4302-BD98-43D149185FB7}.DVD-5|Any CPU.Build.0 = Debug|Any CPU
		{B351E843-2BE4-4302-BD98-43D149185FB7}.DVD-5|Mixed Platforms.ActiveCfg = Debug|Any CPU
		{B351E843-2BE4-4302-BD98-43D149185FB7}.DVD-5|Mixed Platforms.Build.0 = Debug|Any CPU
		{B351E843-2BE4-4302-BD98-43D149185FB7}.DVD-5|x86.ActiveCfg = Debug|Any CPU
		{B351E843-2BE4-4302-BD98-43D149185FB7}.Release|Any CPU.ActiveCfg = Release|Any CPU
		{B351E843-2BE4-4302-BD98-43D149185FB7}.Release|Any CPU.Build.0 = Release|Any CPU
		{B351E843-2BE4-4302-BD98-43D149185FB7}.Release|Mixed Platforms.ActiveCfg = Release|Any CPU
		{B351E843-2BE4-4302-BD98-43D149185FB7}.Release|Mixed Platforms.Build.0 = Release|Any CPU
		{B351E843-2BE4-4302-BD98-43D149185FB7}.Release|x86.ActiveCfg = Release|Any CPU
		{B351E843-2BE4-4302-BD98-43D149185FB7}.ReleaseSetup|Any CPU.ActiveCfg = Release|Any CPU
		{B351E843-2BE4-4302-BD98-43D149185FB7}.ReleaseSetup|Any CPU.Build.0 = Release|Any CPU
		{B351E843-2BE4-4302-BD98-43D149185FB7}.ReleaseSetup|Mixed Platforms.ActiveCfg = Release|Any CPU
		{B351E843-2BE4-4302-BD98-43D149185FB7}.ReleaseSetup|Mixed Platforms.Build.0 = Release|Any CPU
		{B351E843-2BE4-4302-BD98-43D149185FB7}.ReleaseSetup|x86.ActiveCfg = Release|Any CPU
		{B351E843-2BE4-4302-BD98-43D149185FB7}.SingleImage|Any CPU.ActiveCfg = Release|Any CPU
		{B351E843-2BE4-4302-BD98-43D149185FB7}.SingleImage|Any CPU.Build.0 = Release|Any CPU
		{B351E843-2BE4-4302-BD98-43D149185FB7}.SingleImage|Mixed Platforms.ActiveCfg = Release|Any CPU
		{B351E843-2BE4-4302-BD98-43D149185FB7}.SingleImage|Mixed Platforms.Build.0 = Release|Any CPU
		{B351E843-2BE4-4302-BD98-43D149185FB7}.SingleImage|x86.ActiveCfg = Release|Any CPU
		{79A63298-BF11-4C6B-A239-918C3BF81B6F}.CD_ROM|Any CPU.ActiveCfg = Release|Any CPU
		{79A63298-BF11-4C6B-A239-918C3BF81B6F}.CD_ROM|Any CPU.Build.0 = Release|Any CPU
		{79A63298-BF11-4C6B-A239-918C3BF81B6F}.CD_ROM|Mixed Platforms.ActiveCfg = Release|Any CPU
		{79A63298-BF11-4C6B-A239-918C3BF81B6F}.CD_ROM|Mixed Platforms.Build.0 = Release|Any CPU
		{79A63298-BF11-4C6B-A239-918C3BF81B6F}.CD_ROM|x86.ActiveCfg = Release|Any CPU
		{79A63298-BF11-4C6B-A239-918C3BF81B6F}.Debug|Any CPU.ActiveCfg = Debug|Any CPU
		{79A63298-BF11-4C6B-A239-918C3BF81B6F}.Debug|Any CPU.Build.0 = Debug|Any CPU
		{79A63298-BF11-4C6B-A239-918C3BF81B6F}.Debug|Mixed Platforms.ActiveCfg = Debug|Any CPU
		{79A63298-BF11-4C6B-A239-918C3BF81B6F}.Debug|Mixed Platforms.Build.0 = Debug|Any CPU
		{79A63298-BF11-4C6B-A239-918C3BF81B6F}.Debug|x86.ActiveCfg = Debug|Any CPU
		{79A63298-BF11-4C6B-A239-918C3BF81B6F}.DVD-5|Any CPU.ActiveCfg = Debug|Any CPU
		{79A63298-BF11-4C6B-A239-918C3BF81B6F}.DVD-5|Any CPU.Build.0 = Debug|Any CPU
		{79A63298-BF11-4C6B-A239-918C3BF81B6F}.DVD-5|Mixed Platforms.ActiveCfg = Debug|Any CPU
		{79A63298-BF11-4C6B-A239-918C3BF81B6F}.DVD-5|Mixed Platforms.Build.0 = Debug|Any CPU
		{79A63298-BF11-4C6B-A239-918C3BF81B6F}.DVD-5|x86.ActiveCfg = Debug|Any CPU
		{79A63298-BF11-4C6B-A239-918C3BF81B6F}.Release|Any CPU.ActiveCfg = Release|Any CPU
		{79A63298-BF11-4C6B-A239-918C3BF81B6F}.Release|Any CPU.Build.0 = Release|Any CPU
		{79A63298-BF11-4C6B-A239-918C3BF81B6F}.Release|Mixed Platforms.ActiveCfg = Release|Any CPU
		{79A63298-BF11-4C6B-A239-918C3BF81B6F}.Release|Mixed Platforms.Build.0 = Release|Any CPU
		{79A63298-BF11-4C6B-A239-918C3BF81B6F}.Release|x86.ActiveCfg = Release|Any CPU
		{79A63298-BF11-4C6B-A239-918C3BF81B6F}.ReleaseSetup|Any CPU.ActiveCfg = Release|Any CPU
		{79A63298-BF11-4C6B-A239-918C3BF81B6F}.ReleaseSetup|Any CPU.Build.0 = Release|Any CPU
		{79A63298-BF11-4C6B-A239-918C3BF81B6F}.ReleaseSetup|Mixed Platforms.ActiveCfg = Release|Any CPU
		{79A63298-BF11-4C6B-A239-918C3BF81B6F}.ReleaseSetup|Mixed Platforms.Build.0 = Release|Any CPU
		{79A63298-BF11-4C6B-A239-918C3BF81B6F}.ReleaseSetup|x86.ActiveCfg = Release|Any CPU
		{79A63298-BF11-4C6B-A239-918C3BF81B6F}.SingleImage|Any CPU.ActiveCfg = Release|Any CPU
		{79A63298-BF11-4C6B-A239-918C3BF81B6F}.SingleImage|Any CPU.Build.0 = Release|Any CPU
		{79A63298-BF11-4C6B-A239-918C3BF81B6F}.SingleImage|Mixed Platforms.ActiveCfg = Release|Any CPU
		{79A63298-BF11-4C6B-A239-918C3BF81B6F}.SingleImage|Mixed Platforms.Build.0 = Release|Any CPU
		{79A63298-BF11-4C6B-A239-918C3BF81B6F}.SingleImage|x86.ActiveCfg = Release|Any CPU
		{B3C706FC-CC0B-4AC7-B233-90B552873787}.CD_ROM|Any CPU.ActiveCfg = Release|Any CPU
		{B3C706FC-CC0B-4AC7-B233-90B552873787}.CD_ROM|Any CPU.Build.0 = Release|Any CPU
		{B3C706FC-CC0B-4AC7-B233-90B552873787}.CD_ROM|Mixed Platforms.ActiveCfg = Release|Any CPU
		{B3C706FC-CC0B-4AC7-B233-90B552873787}.CD_ROM|Mixed Platforms.Build.0 = Release|Any CPU
		{B3C706FC-CC0B-4AC7-B233-90B552873787}.CD_ROM|x86.ActiveCfg = Release|Any CPU
		{B3C706FC-CC0B-4AC7-B233-90B552873787}.Debug|Any CPU.ActiveCfg = Debug|Any CPU
		{B3C706FC-CC0B-4AC7-B233-90B552873787}.Debug|Any CPU.Build.0 = Debug|Any CPU
		{B3C706FC-CC0B-4AC7-B233-90B552873787}.Debug|Mixed Platforms.ActiveCfg = Debug|Any CPU
		{B3C706FC-CC0B-4AC7-B233-90B552873787}.Debug|Mixed Platforms.Build.0 = Debug|Any CPU
		{B3C706FC-CC0B-4AC7-B233-90B552873787}.Debug|x86.ActiveCfg = Debug|Any CPU
		{B3C706FC-CC0B-4AC7-B233-90B552873787}.DVD-5|Any CPU.ActiveCfg = Debug|Any CPU
		{B3C706FC-CC0B-4AC7-B233-90B552873787}.DVD-5|Any CPU.Build.0 = Debug|Any CPU
		{B3C706FC-CC0B-4AC7-B233-90B552873787}.DVD-5|Mixed Platforms.ActiveCfg = Debug|Any CPU
		{B3C706FC-CC0B-4AC7-B233-90B552873787}.DVD-5|Mixed Platforms.Build.0 = Debug|Any CPU
		{B3C706FC-CC0B-4AC7-B233-90B552873787}.DVD-5|x86.ActiveCfg = Debug|Any CPU
		{B3C706FC-CC0B-4AC7-B233-90B552873787}.Release|Any CPU.ActiveCfg = Release|Any CPU
		{B3C706FC-CC0B-4AC7-B233-90B552873787}.Release|Any CPU.Build.0 = Release|Any CPU
		{B3C706FC-CC0B-4AC7-B233-90B552873787}.Release|Mixed Platforms.ActiveCfg = Release|Any CPU
		{B3C706FC-CC0B-4AC7-B233-90B552873787}.Release|Mixed Platforms.Build.0 = Release|Any CPU
		{B3C706FC-CC0B-4AC7-B233-90B552873787}.Release|x86.ActiveCfg = Release|Any CPU
		{B3C706FC-CC0B-4AC7-B233-90B552873787}.ReleaseSetup|Any CPU.ActiveCfg = Release|Any CPU
		{B3C706FC-CC0B-4AC7-B233-90B552873787}.ReleaseSetup|Any CPU.Build.0 = Release|Any CPU
		{B3C706FC-CC0B-4AC7-B233-90B552873787}.ReleaseSetup|Mixed Platforms.ActiveCfg = Release|Any CPU
		{B3C706FC-CC0B-4AC7-B233-90B552873787}.ReleaseSetup|Mixed Platforms.Build.0 = Release|Any CPU
		{B3C706FC-CC0B-4AC7-B233-90B552873787}.ReleaseSetup|x86.ActiveCfg = Release|Any CPU
		{B3C706FC-CC0B-4AC7-B233-90B552873787}.SingleImage|Any CPU.ActiveCfg = Release|Any CPU
		{B3C706FC-CC0B-4AC7-B233-90B552873787}.SingleImage|Any CPU.Build.0 = Release|Any CPU
		{B3C706FC-CC0B-4AC7-B233-90B552873787}.SingleImage|Mixed Platforms.ActiveCfg = Release|Any CPU
		{B3C706FC-CC0B-4AC7-B233-90B552873787}.SingleImage|Mixed Platforms.Build.0 = Release|Any CPU
		{B3C706FC-CC0B-4AC7-B233-90B552873787}.SingleImage|x86.ActiveCfg = Release|Any CPU
		{EAAFAF5A-3A08-440A-863A-D5FC79DBBCB7}.CD_ROM|Any CPU.ActiveCfg = Release|Any CPU
		{EAAFAF5A-3A08-440A-863A-D5FC79DBBCB7}.CD_ROM|Any CPU.Build.0 = Release|Any CPU
		{EAAFAF5A-3A08-440A-863A-D5FC79DBBCB7}.CD_ROM|Mixed Platforms.ActiveCfg = Release|Any CPU
		{EAAFAF5A-3A08-440A-863A-D5FC79DBBCB7}.CD_ROM|Mixed Platforms.Build.0 = Release|Any CPU
		{EAAFAF5A-3A08-440A-863A-D5FC79DBBCB7}.CD_ROM|x86.ActiveCfg = Release|Any CPU
		{EAAFAF5A-3A08-440A-863A-D5FC79DBBCB7}.Debug|Any CPU.ActiveCfg = Debug|Any CPU
		{EAAFAF5A-3A08-440A-863A-D5FC79DBBCB7}.Debug|Any CPU.Build.0 = Debug|Any CPU
		{EAAFAF5A-3A08-440A-863A-D5FC79DBBCB7}.Debug|Mixed Platforms.ActiveCfg = Debug|Any CPU
		{EAAFAF5A-3A08-440A-863A-D5FC79DBBCB7}.Debug|Mixed Platforms.Build.0 = Debug|Any CPU
		{EAAFAF5A-3A08-440A-863A-D5FC79DBBCB7}.Debug|x86.ActiveCfg = Debug|Any CPU
		{EAAFAF5A-3A08-440A-863A-D5FC79DBBCB7}.DVD-5|Any CPU.ActiveCfg = Debug|Any CPU
		{EAAFAF5A-3A08-440A-863A-D5FC79DBBCB7}.DVD-5|Any CPU.Build.0 = Debug|Any CPU
		{EAAFAF5A-3A08-440A-863A-D5FC79DBBCB7}.DVD-5|Mixed Platforms.ActiveCfg = Debug|Any CPU
		{EAAFAF5A-3A08-440A-863A-D5FC79DBBCB7}.DVD-5|Mixed Platforms.Build.0 = Debug|Any CPU
		{EAAFAF5A-3A08-440A-863A-D5FC79DBBCB7}.DVD-5|x86.ActiveCfg = Debug|Any CPU
		{EAAFAF5A-3A08-440A-863A-D5FC79DBBCB7}.Release|Any CPU.ActiveCfg = Release|Any CPU
		{EAAFAF5A-3A08-440A-863A-D5FC79DBBCB7}.Release|Any CPU.Build.0 = Release|Any CPU
		{EAAFAF5A-3A08-440A-863A-D5FC79DBBCB7}.Release|Mixed Platforms.ActiveCfg = Release|Any CPU
		{EAAFAF5A-3A08-440A-863A-D5FC79DBBCB7}.Release|Mixed Platforms.Build.0 = Release|Any CPU
		{EAAFAF5A-3A08-440A-863A-D5FC79DBBCB7}.Release|x86.ActiveCfg = Release|Any CPU
		{EAAFAF5A-3A08-440A-863A-D5FC79DBBCB7}.ReleaseSetup|Any CPU.ActiveCfg = Release|Any CPU
		{EAAFAF5A-3A08-440A-863A-D5FC79DBBCB7}.ReleaseSetup|Any CPU.Build.0 = Release|Any CPU
		{EAAFAF5A-3A08-440A-863A-D5FC79DBBCB7}.ReleaseSetup|Mixed Platforms.ActiveCfg = Release|Any CPU
		{EAAFAF5A-3A08-440A-863A-D5FC79DBBCB7}.ReleaseSetup|Mixed Platforms.Build.0 = Release|Any CPU
		{EAAFAF5A-3A08-440A-863A-D5FC79DBBCB7}.ReleaseSetup|x86.ActiveCfg = Release|Any CPU
		{EAAFAF5A-3A08-440A-863A-D5FC79DBBCB7}.SingleImage|Any CPU.ActiveCfg = Release|Any CPU
		{EAAFAF5A-3A08-440A-863A-D5FC79DBBCB7}.SingleImage|Any CPU.Build.0 = Release|Any CPU
		{EAAFAF5A-3A08-440A-863A-D5FC79DBBCB7}.SingleImage|Mixed Platforms.ActiveCfg = Release|Any CPU
		{EAAFAF5A-3A08-440A-863A-D5FC79DBBCB7}.SingleImage|Mixed Platforms.Build.0 = Release|Any CPU
		{EAAFAF5A-3A08-440A-863A-D5FC79DBBCB7}.SingleImage|x86.ActiveCfg = Release|Any CPU
		{69D2D258-4E82-404F-98A6-1E93EFAB9CDF}.CD_ROM|Any CPU.ActiveCfg = Release|Any CPU
		{69D2D258-4E82-404F-98A6-1E93EFAB9CDF}.CD_ROM|Any CPU.Build.0 = Release|Any CPU
		{69D2D258-4E82-404F-98A6-1E93EFAB9CDF}.CD_ROM|Mixed Platforms.ActiveCfg = Release|Any CPU
		{69D2D258-4E82-404F-98A6-1E93EFAB9CDF}.CD_ROM|Mixed Platforms.Build.0 = Release|Any CPU
		{69D2D258-4E82-404F-98A6-1E93EFAB9CDF}.CD_ROM|x86.ActiveCfg = Release|Any CPU
		{69D2D258-4E82-404F-98A6-1E93EFAB9CDF}.Debug|Any CPU.ActiveCfg = Debug|Any CPU
		{69D2D258-4E82-404F-98A6-1E93EFAB9CDF}.Debug|Any CPU.Build.0 = Debug|Any CPU
		{69D2D258-4E82-404F-98A6-1E93EFAB9CDF}.Debug|Mixed Platforms.ActiveCfg = Debug|Any CPU
		{69D2D258-4E82-404F-98A6-1E93EFAB9CDF}.Debug|Mixed Platforms.Build.0 = Debug|Any CPU
		{69D2D258-4E82-404F-98A6-1E93EFAB9CDF}.Debug|x86.ActiveCfg = Debug|Any CPU
		{69D2D258-4E82-404F-98A6-1E93EFAB9CDF}.DVD-5|Any CPU.ActiveCfg = Debug|Any CPU
		{69D2D258-4E82-404F-98A6-1E93EFAB9CDF}.DVD-5|Any CPU.Build.0 = Debug|Any CPU
		{69D2D258-4E82-404F-98A6-1E93EFAB9CDF}.DVD-5|Mixed Platforms.ActiveCfg = Debug|Any CPU
		{69D2D258-4E82-404F-98A6-1E93EFAB9CDF}.DVD-5|Mixed Platforms.Build.0 = Debug|Any CPU
		{69D2D258-4E82-404F-98A6-1E93EFAB9CDF}.DVD-5|x86.ActiveCfg = Debug|Any CPU
		{69D2D258-4E82-404F-98A6-1E93EFAB9CDF}.Release|Any CPU.ActiveCfg = Release|Any CPU
		{69D2D258-4E82-404F-98A6-1E93EFAB9CDF}.Release|Any CPU.Build.0 = Release|Any CPU
		{69D2D258-4E82-404F-98A6-1E93EFAB9CDF}.Release|Mixed Platforms.ActiveCfg = Release|Any CPU
		{69D2D258-4E82-404F-98A6-1E93EFAB9CDF}.Release|Mixed Platforms.Build.0 = Release|Any CPU
		{69D2D258-4E82-404F-98A6-1E93EFAB9CDF}.Release|x86.ActiveCfg = Release|Any CPU
		{69D2D258-4E82-404F-98A6-1E93EFAB9CDF}.ReleaseSetup|Any CPU.ActiveCfg = Release|Any CPU
		{69D2D258-4E82-404F-98A6-1E93EFAB9CDF}.ReleaseSetup|Any CPU.Build.0 = Release|Any CPU
		{69D2D258-4E82-404F-98A6-1E93EFAB9CDF}.ReleaseSetup|Mixed Platforms.ActiveCfg = Release|Any CPU
		{69D2D258-4E82-404F-98A6-1E93EFAB9CDF}.ReleaseSetup|Mixed Platforms.Build.0 = Release|Any CPU
		{69D2D258-4E82-404F-98A6-1E93EFAB9CDF}.ReleaseSetup|x86.ActiveCfg = Release|Any CPU
		{69D2D258-4E82-404F-98A6-1E93EFAB9CDF}.SingleImage|Any CPU.ActiveCfg = Release|Any CPU
		{69D2D258-4E82-404F-98A6-1E93EFAB9CDF}.SingleImage|Any CPU.Build.0 = Release|Any CPU
		{69D2D258-4E82-404F-98A6-1E93EFAB9CDF}.SingleImage|Mixed Platforms.ActiveCfg = Release|Any CPU
		{69D2D258-4E82-404F-98A6-1E93EFAB9CDF}.SingleImage|Mixed Platforms.Build.0 = Release|Any CPU
		{69D2D258-4E82-404F-98A6-1E93EFAB9CDF}.SingleImage|x86.ActiveCfg = Release|Any CPU
	EndGlobalSection
	GlobalSection(SolutionProperties) = preSolution
		HideSolutionNode = FALSE
	EndGlobalSection
	GlobalSection(TestCaseManagementSettings) = postSolution
		CategoryFile = Quest.vsmdi
	EndGlobalSection
EndGlobal
