Microsoft Visual Studio Solution File, Format Version 12.00
# Visual Studio Version 17
VisualStudioVersion = 17.10.35122.118
MinimumVisualStudioVersion = 10.0.40219.1
Project("{9A19103F-16F7-4668-BE54-9A1E7A4F7556}") = "QuestCore", "QuestCore.csproj", "{52BF14AF-939F-46DF-8C02-EBA9BE3E3EE8}"
EndProject
Project("{9A19103F-16F7-4668-BE54-9A1E7A4F7556}") = "IASL", "..\IASL\IASL.csproj", "{BE34CB28-317F-4732-AA32-9D715B4F2C7E}"
EndProject
Project("{778DAE3C-4631-46EA-AA77-85C1314464D9}") = "LegacyASL", "..\Legacy\LegacyASL.vbproj", "{42EEDC11-C395-4CE8-80E3-057AF4100DDE}"
EndProject
Project("{9A19103F-16F7-4668-BE54-9A1E7A4F7556}") = "Utility", "..\Utility\Utility.csproj", "{0E926905-F750-49F9-AEBD-CE14B2B231D8}"
EndProject
Project("{9A19103F-16F7-4668-BE54-9A1E7A4F7556}") = "QuestConsole", "..\QuestConsole\QuestConsole.csproj", "{5087E30D-95F3-49B6-B534-2EBA91C599CC}"
EndProject
Global
	GlobalSection(SolutionConfigurationPlatforms) = preSolution
		Debug|Any CPU = Debug|Any CPU
		Debug|x86 = Debug|x86
		Release|Any CPU = Release|Any CPU
		Release|x86 = Release|x86
	EndGlobalSection
	GlobalSection(ProjectConfigurationPlatforms) = postSolution
		{52BF14AF-939F-46DF-8C02-EBA9BE3E3EE8}.Debug|Any CPU.ActiveCfg = Debug|Any CPU
		{52BF14AF-939F-46DF-8C02-EBA9BE3E3EE8}.Debug|Any CPU.Build.0 = Debug|Any CPU
		{52BF14AF-939F-46DF-8C02-EBA9BE3E3EE8}.Debug|x86.ActiveCfg = Debug|Any CPU
		{52BF14AF-939F-46DF-8C02-EBA9BE3E3EE8}.Debug|x86.Build.0 = Debug|Any CPU
		{52BF14AF-939F-46DF-8C02-EBA9BE3E3EE8}.Release|Any CPU.ActiveCfg = Release|Any CPU
		{52BF14AF-939F-46DF-8C02-EBA9BE3E3EE8}.Release|Any CPU.Build.0 = Release|Any CPU
		{52BF14AF-939F-46DF-8C02-EBA9BE3E3EE8}.Release|x86.ActiveCfg = Release|Any CPU
		{52BF14AF-939F-46DF-8C02-EBA9BE3E3EE8}.Release|x86.Build.0 = Release|Any CPU
		{BE34CB28-317F-4732-AA32-9D715B4F2C7E}.Debug|Any CPU.ActiveCfg = Debug|Any CPU
		{BE34CB28-317F-4732-AA32-9D715B4F2C7E}.Debug|Any CPU.Build.0 = Debug|Any CPU
		{BE34CB28-317F-4732-AA32-9D715B4F2C7E}.Debug|x86.ActiveCfg = Debug|x86
		{BE34CB28-317F-4732-AA32-9D715B4F2C7E}.Debug|x86.Build.0 = Debug|x86
		{BE34CB28-317F-4732-AA32-9D715B4F2C7E}.Release|Any CPU.ActiveCfg = Release|Any CPU
		{BE34CB28-317F-4732-AA32-9D715B4F2C7E}.Release|Any CPU.Build.0 = Release|Any CPU
		{BE34CB28-317F-4732-AA32-9D715B4F2C7E}.Release|x86.ActiveCfg = Release|x86
		{BE34CB28-317F-4732-AA32-9D715B4F2C7E}.Release|x86.Build.0 = Release|x86
		{42EEDC11-C395-4CE8-80E3-057AF4100DDE}.Debug|Any CPU.ActiveCfg = Debug|Any CPU
		{42EEDC11-C395-4CE8-80E3-057AF4100DDE}.Debug|Any CPU.Build.0 = Debug|Any CPU
		{42EEDC11-C395-4CE8-80E3-057AF4100DDE}.Debug|x86.ActiveCfg = Debug|x86
		{42EEDC11-C395-4CE8-80E3-057AF4100DDE}.Debug|x86.Build.0 = Debug|x86
		{42EEDC11-C395-4CE8-80E3-057AF4100DDE}.Release|Any CPU.ActiveCfg = Release|Any CPU
		{42EEDC11-C395-4CE8-80E3-057AF4100DDE}.Release|Any CPU.Build.0 = Release|Any CPU
		{42EEDC11-C395-4CE8-80E3-057AF4100DDE}.Release|x86.ActiveCfg = Release|x86
		{42EEDC11-C395-4CE8-80E3-057AF4100DDE}.Release|x86.Build.0 = Release|x86
		{0E926905-F750-49F9-AEBD-CE14B2B231D8}.Debug|Any CPU.ActiveCfg = Debug|Any CPU
		{0E926905-F750-49F9-AEBD-CE14B2B231D8}.Debug|Any CPU.Build.0 = Debug|Any CPU
		{0E926905-F750-49F9-AEBD-CE14B2B231D8}.Debug|x86.ActiveCfg = Debug|x86
		{0E926905-F750-49F9-AEBD-CE14B2B231D8}.Debug|x86.Build.0 = Debug|x86
		{0E926905-F750-49F9-AEBD-CE14B2B231D8}.Release|Any CPU.ActiveCfg = Release|Any CPU
		{0E926905-F750-49F9-AEBD-CE14B2B231D8}.Release|Any CPU.Build.0 = Release|Any CPU
		{0E926905-F750-49F9-AEBD-CE14B2B231D8}.Release|x86.ActiveCfg = Release|x86
		{0E926905-F750-49F9-AEBD-CE14B2B231D8}.Release|x86.Build.0 = Release|x86
		{5087E30D-95F3-49B6-B534-2EBA91C599CC}.Debug|Any CPU.ActiveCfg = Debug|x86
		{5087E30D-95F3-49B6-B534-2EBA91C599CC}.Debug|Any CPU.Build.0 = Debug|x86
		{5087E30D-95F3-49B6-B534-2EBA91C599CC}.Debug|x86.ActiveCfg = Debug|x86
		{5087E30D-95F3-49B6-B534-2EBA91C599CC}.Debug|x86.Build.0 = Debug|x86
		{5087E30D-95F3-49B6-B534-2EBA91C599CC}.Release|Any CPU.ActiveCfg = Release|x86
		{5087E30D-95F3-49B6-B534-2EBA91C599CC}.Release|Any CPU.Build.0 = Release|x86
		{5087E30D-95F3-49B6-B534-2EBA91C599CC}.Release|x86.ActiveCfg = Release|x86
		{5087E30D-95F3-49B6-B534-2EBA91C599CC}.Release|x86.Build.0 = Release|x86
	EndGlobalSection
	GlobalSection(SolutionProperties) = preSolution
		HideSolutionNode = FALSE
	EndGlobalSection
	GlobalSection(ExtensibilityGlobals) = postSolution
		SolutionGuid = {18B8911F-786E-48E1-8F32-208060A4A2C6}
	EndGlobalSection
EndGlobal
