Microsoft Visual Studio Solution File, Format Version 12.00
# Visual Studio Version 17
VisualStudioVersion = 17.10.35122.118
MinimumVisualStudioVersion = 10.0.40219.1
Project("{9A19103F-16F7-4668-BE54-9A1E7A4F7556}") = "QuestCore", "QuestCore.csproj", "{52BF14AF-939F-46DF-8C02-EBA9BE3E3EE8}"
EndProject
Project("{9A19103F-16F7-4668-BE54-9A1E7A4F7556}") = "IASL", "..\IASL\IASL.csproj", "{BE34CB28-317F-4732-AA32-9D715B4F2C7E}"
EndProject
Project("{778DAE3C-4631-46EA-AA77-85C1314464D9}") = "LegacyASL", "..\Legacy\LegacyASL.vbproj", "{42EEDC11-C395-4CE8-80E3-057AF4100DDE}"
EndProject
Project("{9A19103F-16F7-4668-BE54-9A1E7A4F7556}") = "Utility", "..\Utility\Utility.csproj", "{0E926905-F750-49F9-AEBD-CE14B2B231D8}"
EndProject
Project("{9A19103F-16F7-4668-BE54-9A1E7A4F7556}") = "PlayerController", "..\PlayerController\PlayerController.csproj", "{5E626E4F-BB7A-4262-9EB3-B37069A1C844}"
EndProject
Project("{9A19103F-16F7-4668-BE54-9A1E7A4F7556}") = "WorldModel", "..\WorldModel\WorldModel\WorldModel.csproj", "{F8CA1A78-02F7-405B-B223-3EFBEFBD8A88}"
EndProject
Project("{9A19103F-16F7-4668-BE54-9A1E7A4F7556}") = "EditorController", "..\EditorController\EditorController.csproj", "{B3B92783-0D5E-43BB-833B-87DEA9B67D00}"
EndProject
Project("{F184B08F-C81C-45F6-A57F-5ABD9991F28F}") = "Player", "..\Player\Player.vbproj", "{F383D1E8-2883-420D-9CAB-223A2B72B1DE}"
EndProject
Project("{F184B08F-C81C-45F6-A57F-5ABD9991F28F}") = "Menus", "..\Menus\Menus.vbproj", "{953BFCE3-6F8A-42CF-8E57-592AA7AAC3D3}"
EndProject
Global
	GlobalSection(SolutionConfigurationPlatforms) = preSolution
		Debug|Any CPU = Debug|Any CPU
		Debug|x64 = Debug|x64
		Release|Any CPU = Release|Any CPU
		Release|x64 = Release|x64
	EndGlobalSection
	GlobalSection(ProjectConfigurationPlatforms) = postSolution
		{52BF14AF-939F-46DF-8C02-EBA9BE3E3EE8}.Debug|Any CPU.ActiveCfg = Debug|Any CPU
		{52BF14AF-939F-46DF-8C02-EBA9BE3E3EE8}.Debug|Any CPU.Build.0 = Debug|Any CPU
		{52BF14AF-939F-46DF-8C02-EBA9BE3E3EE8}.Debug|x64.ActiveCfg = Debug|x64
		{52BF14AF-939F-46DF-8C02-EBA9BE3E3EE8}.Debug|x64.Build.0 = Debug|x64
		{52BF14AF-939F-46DF-8C02-EBA9BE3E3EE8}.Release|Any CPU.ActiveCfg = Release|Any CPU
		{52BF14AF-939F-46DF-8C02-EBA9BE3E3EE8}.Release|Any CPU.Build.0 = Release|Any CPU
		{52BF14AF-939F-46DF-8C02-EBA9BE3E3EE8}.Release|x64.ActiveCfg = Release|x64
		{52BF14AF-939F-46DF-8C02-EBA9BE3E3EE8}.Release|x64.Build.0 = Release|x64
		{BE34CB28-317F-4732-AA32-9D715B4F2C7E}.Debug|Any CPU.ActiveCfg = Debug|Any CPU
		{BE34CB28-317F-4732-AA32-9D715B4F2C7E}.Debug|Any CPU.Build.0 = Debug|Any CPU
		{BE34CB28-317F-4732-AA32-9D715B4F2C7E}.Debug|x64.ActiveCfg = Debug|x64
		{BE34CB28-317F-4732-AA32-9D715B4F2C7E}.Debug|x64.Build.0 = Debug|x64
		{BE34CB28-317F-4732-AA32-9D715B4F2C7E}.Release|Any CPU.ActiveCfg = Release|Any CPU
		{BE34CB28-317F-4732-AA32-9D715B4F2C7E}.Release|Any CPU.Build.0 = Release|Any CPU
		{BE34CB28-317F-4732-AA32-9D715B4F2C7E}.Release|x64.ActiveCfg = Release|x64
		{BE34CB28-317F-4732-AA32-9D715B4F2C7E}.Release|x64.Build.0 = Release|x64
		{42EEDC11-C395-4CE8-80E3-057AF4100DDE}.Debug|Any CPU.ActiveCfg = Debug|Any CPU
		{42EEDC11-C395-4CE8-80E3-057AF4100DDE}.Debug|Any CPU.Build.0 = Debug|Any CPU
		{42EEDC11-C395-4CE8-80E3-057AF4100DDE}.Debug|x64.ActiveCfg = Debug|x64
		{42EEDC11-C395-4CE8-80E3-057AF4100DDE}.Debug|x64.Build.0 = Debug|x64
		{42EEDC11-C395-4CE8-80E3-057AF4100DDE}.Release|Any CPU.ActiveCfg = Release|Any CPU
		{42EEDC11-C395-4CE8-80E3-057AF4100DDE}.Release|Any CPU.Build.0 = Release|Any CPU
		{42EEDC11-C395-4CE8-80E3-057AF4100DDE}.Release|x64.ActiveCfg = Release|x64
		{42EEDC11-C395-4CE8-80E3-057AF4100DDE}.Release|x64.Build.0 = Release|x64
		{0E926905-F750-49F9-AEBD-CE14B2B231D8}.Debug|Any CPU.ActiveCfg = Debug|Any CPU
		{0E926905-F750-49F9-AEBD-CE14B2B231D8}.Debug|Any CPU.Build.0 = Debug|Any CPU
		{0E926905-F750-49F9-AEBD-CE14B2B231D8}.Debug|x64.ActiveCfg = Debug|x64
		{0E926905-F750-49F9-AEBD-CE14B2B231D8}.Debug|x64.Build.0 = Debug|x64
		{0E926905-F750-49F9-AEBD-CE14B2B231D8}.Release|Any CPU.ActiveCfg = Release|Any CPU
		{0E926905-F750-49F9-AEBD-CE14B2B231D8}.Release|Any CPU.Build.0 = Release|Any CPU
		{0E926905-F750-49F9-AEBD-CE14B2B231D8}.Release|x64.ActiveCfg = Release|x64
		{0E926905-F750-49F9-AEBD-CE14B2B231D8}.Release|x64.Build.0 = Release|x64
		{5E626E4F-BB7A-4262-9EB3-B37069A1C844}.Debug|Any CPU.ActiveCfg = Debug|Any CPU
		{5E626E4F-BB7A-4262-9EB3-B37069A1C844}.Debug|Any CPU.Build.0 = Debug|Any CPU
		{5E626E4F-BB7A-4262-9EB3-B37069A1C844}.Debug|x64.ActiveCfg = Debug|x64
		{5E626E4F-BB7A-4262-9EB3-B37069A1C844}.Debug|x64.Build.0 = Debug|x64
		{5E626E4F-BB7A-4262-9EB3-B37069A1C844}.Release|Any CPU.ActiveCfg = Release|Any CPU
		{5E626E4F-BB7A-4262-9EB3-B37069A1C844}.Release|Any CPU.Build.0 = Release|Any CPU
		{5E626E4F-BB7A-4262-9EB3-B37069A1C844}.Release|x64.ActiveCfg = Release|x64
		{5E626E4F-BB7A-4262-9EB3-B37069A1C844}.Release|x64.Build.0 = Release|x64
		{F8CA1A78-02F7-405B-B223-3EFBEFBD8A88}.Debug|Any CPU.ActiveCfg = Debug|Any CPU
		{F8CA1A78-02F7-405B-B223-3EFBEFBD8A88}.Debug|Any CPU.Build.0 = Debug|Any CPU
		{F8CA1A78-02F7-405B-B223-3EFBEFBD8A88}.Debug|x64.ActiveCfg = Debug|x64
		{F8CA1A78-02F7-405B-B223-3EFBEFBD8A88}.Debug|x64.Build.0 = Debug|x64
		{F8CA1A78-02F7-405B-B223-3EFBEFBD8A88}.Release|Any CPU.ActiveCfg = Release|Any CPU
		{F8CA1A78-02F7-405B-B223-3EFBEFBD8A88}.Release|Any CPU.Build.0 = Release|Any CPU
		{F8CA1A78-02F7-405B-B223-3EFBEFBD8A88}.Release|x64.ActiveCfg = Release|x64
		{F8CA1A78-02F7-405B-B223-3EFBEFBD8A88}.Release|x64.Build.0 = Release|x64
		{B3B92783-0D5E-43BB-833B-87DEA9B67D00}.Debug|Any CPU.ActiveCfg = Debug|Any CPU
		{B3B92783-0D5E-43BB-833B-87DEA9B67D00}.Debug|Any CPU.Build.0 = Debug|Any CPU
		{B3B92783-0D5E-43BB-833B-87DEA9B67D00}.Debug|x64.ActiveCfg = Debug|x64
		{B3B92783-0D5E-43BB-833B-87DEA9B67D00}.Debug|x64.Build.0 = Debug|x64
		{B3B92783-0D5E-43BB-833B-87DEA9B67D00}.Release|Any CPU.ActiveCfg = Release|Any CPU
		{B3B92783-0D5E-43BB-833B-87DEA9B67D00}.Release|Any CPU.Build.0 = Release|Any CPU
		{B3B92783-0D5E-43BB-833B-87DEA9B67D00}.Release|x64.ActiveCfg = Release|x64
		{B3B92783-0D5E-43BB-833B-87DEA9B67D00}.Release|x64.Build.0 = Release|x64
		{F383D1E8-2883-420D-9CAB-223A2B72B1DE}.Debug|Any CPU.ActiveCfg = Debug|Any CPU
		{F383D1E8-2883-420D-9CAB-223A2B72B1DE}.Debug|Any CPU.Build.0 = Debug|Any CPU
		{F383D1E8-2883-420D-9CAB-223A2B72B1DE}.Debug|x64.ActiveCfg = Debug|x64
		{F383D1E8-2883-420D-9CAB-223A2B72B1DE}.Debug|x64.Build.0 = Debug|x64
		{F383D1E8-2883-420D-9CAB-223A2B72B1DE}.Release|Any CPU.ActiveCfg = Release|Any CPU
		{F383D1E8-2883-420D-9CAB-223A2B72B1DE}.Release|Any CPU.Build.0 = Release|Any CPU
		{F383D1E8-2883-420D-9CAB-223A2B72B1DE}.Release|x64.ActiveCfg = Release|x64
		{F383D1E8-2883-420D-9CAB-223A2B72B1DE}.Release|x64.Build.0 = Release|x64
		{953BFCE3-6F8A-42CF-8E57-592AA7AAC3D3}.Debug|Any CPU.ActiveCfg = Debug|Any CPU
		{953BFCE3-6F8A-42CF-8E57-592AA7AAC3D3}.Debug|Any CPU.Build.0 = Debug|Any CPU
		{953BFCE3-6F8A-42CF-8E57-592AA7AAC3D3}.Debug|x64.ActiveCfg = Debug|x64
		{953BFCE3-6F8A-42CF-8E57-592AA7AAC3D3}.Debug|x64.Build.0 = Debug|x64
		{953BFCE3-6F8A-42CF-8E57-592AA7AAC3D3}.Release|Any CPU.ActiveCfg = Release|Any CPU
		{953BFCE3-6F8A-42CF-8E57-592AA7AAC3D3}.Release|Any CPU.Build.0 = Release|Any CPU
		{953BFCE3-6F8A-42CF-8E57-592AA7AAC3D3}.Release|x64.ActiveCfg = Release|x64
		{953BFCE3-6F8A-42CF-8E57-592AA7AAC3D3}.Release|x64.Build.0 = Release|x64
	EndGlobalSection
	GlobalSection(SolutionProperties) = preSolution
		HideSolutionNode = FALSE
	EndGlobalSection
	GlobalSection(ExtensibilityGlobals) = postSolution
		SolutionGuid = {18B8911F-786E-48E1-8F32-208060A4A2C6}
	EndGlobalSection
EndGlobal
